<?xml version="1.0" encoding="UTF-8" standalone="yes" ?>
<CodeBlocks_project_file>
	<FileVersion major="1" minor="6" />
	<Project>
		<Option title="UMFPACK" />
		<Option pch_mode="2" />
		<Option compiler="gcc" />
		<Build>
			<Target title="Release">
				<Option output="../build/bin/Release/UMFPACK" prefix_auto="1" extension_auto="1" />
				<Option working_dir="" />
				<Option object_output="../build/obj/Release/" />
				<Option type="2" />
				<Option compiler="gcc" />
				<Compiler>
					<Add option="-O3" />
					<Add option="-no-pie" />
					<Add directory="thirdparty/SuiteSparse/CSparse/Include" />
					<Add directory="thirdparty/SuiteSparse/UMFPACK/Include" />
					<Add directory="thirdparty/SuiteSparse/AMD/Include" />
					<Add directory="thirdparty/SuiteSparse/SuiteSparse_config" />
					<Add directory="thirdparty/SuiteSparse/CHOLMOD/Include" />
					<Add directory="thirdparty/SuiteSparse/COLAMD/Include" />
					<Add directory="thirdparty/SuiteSparse/CCOLAMD/Include" />
					<Add directory="thirdparty/SuiteSparse/metis-5.1.0/include" />
					<Add directory="thirdparty/SuiteSparse/CAMD/Include" />
					<Add directory="thirdparty/CBLAS/include" />
					<Add directory="thirdparty/SuiteSparse/metis-5.1.0/GKlib" />
					<Add directory="thirdparty/SuiteSparse/metis-5.1.0/libmetis/" />
				</Compiler>
				<Linker>
					<Add option="-no-pie" />
				</Linker>
			</Target>
		</Build>
		<Compiler>
			<Add option="-Wall" />
			<Add option="-fexceptions" />
		</Compiler>
		<Unit filename="thirdparty/CBLAS/include/cblas.h" />
		<Unit filename="thirdparty/CBLAS/include/cblas_f77.h" />
		<Unit filename="thirdparty/CBLAS/src/cblas_caxpy.c">
			<Option compilerVar="CC" />
		</Unit>
		<Unit filename="thirdparty/CBLAS/src/cblas_ccopy.c">
			<Option compilerVar="CC" />
		</Unit>
		<Unit filename="thirdparty/CBLAS/src/cblas_cdotc_sub.c">
			<Option compilerVar="CC" />
		</Unit>
		<Unit filename="thirdparty/CBLAS/src/cblas_cdotu_sub.c">
			<Option compilerVar="CC" />
		</Unit>
		<Unit filename="thirdparty/CBLAS/src/cblas_cgbmv.c">
			<Option compilerVar="CC" />
		</Unit>
		<Unit filename="thirdparty/CBLAS/src/cblas_cgemm.c">
			<Option compilerVar="CC" />
		</Unit>
		<Unit filename="thirdparty/CBLAS/src/cblas_cgemv.c">
			<Option compilerVar="CC" />
		</Unit>
		<Unit filename="thirdparty/CBLAS/src/cblas_cgerc.c">
			<Option compilerVar="CC" />
		</Unit>
		<Unit filename="thirdparty/CBLAS/src/cblas_cgeru.c">
			<Option compilerVar="CC" />
		</Unit>
		<Unit filename="thirdparty/CBLAS/src/cblas_chbmv.c">
			<Option compilerVar="CC" />
		</Unit>
		<Unit filename="thirdparty/CBLAS/src/cblas_chemm.c">
			<Option compilerVar="CC" />
		</Unit>
		<Unit filename="thirdparty/CBLAS/src/cblas_chemv.c">
			<Option compilerVar="CC" />
		</Unit>
		<Unit filename="thirdparty/CBLAS/src/cblas_cher.c">
			<Option compilerVar="CC" />
		</Unit>
		<Unit filename="thirdparty/CBLAS/src/cblas_cher2.c">
			<Option compilerVar="CC" />
		</Unit>
		<Unit filename="thirdparty/CBLAS/src/cblas_cher2k.c">
			<Option compilerVar="CC" />
		</Unit>
		<Unit filename="thirdparty/CBLAS/src/cblas_cherk.c">
			<Option compilerVar="CC" />
		</Unit>
		<Unit filename="thirdparty/CBLAS/src/cblas_chpmv.c">
			<Option compilerVar="CC" />
		</Unit>
		<Unit filename="thirdparty/CBLAS/src/cblas_chpr.c">
			<Option compilerVar="CC" />
		</Unit>
		<Unit filename="thirdparty/CBLAS/src/cblas_chpr2.c">
			<Option compilerVar="CC" />
		</Unit>
		<Unit filename="thirdparty/CBLAS/src/cblas_cscal.c">
			<Option compilerVar="CC" />
		</Unit>
		<Unit filename="thirdparty/CBLAS/src/cblas_csscal.c">
			<Option compilerVar="CC" />
		</Unit>
		<Unit filename="thirdparty/CBLAS/src/cblas_cswap.c">
			<Option compilerVar="CC" />
		</Unit>
		<Unit filename="thirdparty/CBLAS/src/cblas_csymm.c">
			<Option compilerVar="CC" />
		</Unit>
		<Unit filename="thirdparty/CBLAS/src/cblas_csyr2k.c">
			<Option compilerVar="CC" />
		</Unit>
		<Unit filename="thirdparty/CBLAS/src/cblas_csyrk.c">
			<Option compilerVar="CC" />
		</Unit>
		<Unit filename="thirdparty/CBLAS/src/cblas_ctbmv.c">
			<Option compilerVar="CC" />
		</Unit>
		<Unit filename="thirdparty/CBLAS/src/cblas_ctbsv.c">
			<Option compilerVar="CC" />
		</Unit>
		<Unit filename="thirdparty/CBLAS/src/cblas_ctpmv.c">
			<Option compilerVar="CC" />
		</Unit>
		<Unit filename="thirdparty/CBLAS/src/cblas_ctpsv.c">
			<Option compilerVar="CC" />
		</Unit>
		<Unit filename="thirdparty/CBLAS/src/cblas_ctrmm.c">
			<Option compilerVar="CC" />
		</Unit>
		<Unit filename="thirdparty/CBLAS/src/cblas_ctrmv.c">
			<Option compilerVar="CC" />
		</Unit>
		<Unit filename="thirdparty/CBLAS/src/cblas_ctrsm.c">
			<Option compilerVar="CC" />
		</Unit>
		<Unit filename="thirdparty/CBLAS/src/cblas_ctrsv.c">
			<Option compilerVar="CC" />
		</Unit>
		<Unit filename="thirdparty/CBLAS/src/cblas_dasum.c">
			<Option compilerVar="CC" />
		</Unit>
		<Unit filename="thirdparty/CBLAS/src/cblas_daxpy.c">
			<Option compilerVar="CC" />
		</Unit>
		<Unit filename="thirdparty/CBLAS/src/cblas_dcopy.c">
			<Option compilerVar="CC" />
		</Unit>
		<Unit filename="thirdparty/CBLAS/src/cblas_ddot.c">
			<Option compilerVar="CC" />
		</Unit>
		<Unit filename="thirdparty/CBLAS/src/cblas_dgbmv.c">
			<Option compilerVar="CC" />
		</Unit>
		<Unit filename="thirdparty/CBLAS/src/cblas_dgemm.c">
			<Option compilerVar="CC" />
		</Unit>
		<Unit filename="thirdparty/CBLAS/src/cblas_dgemv.c">
			<Option compilerVar="CC" />
		</Unit>
		<Unit filename="thirdparty/CBLAS/src/cblas_dger.c">
			<Option compilerVar="CC" />
		</Unit>
		<Unit filename="thirdparty/CBLAS/src/cblas_dnrm2.c">
			<Option compilerVar="CC" />
		</Unit>
		<Unit filename="thirdparty/CBLAS/src/cblas_drot.c">
			<Option compilerVar="CC" />
		</Unit>
		<Unit filename="thirdparty/CBLAS/src/cblas_drotg.c">
			<Option compilerVar="CC" />
		</Unit>
		<Unit filename="thirdparty/CBLAS/src/cblas_drotm.c">
			<Option compilerVar="CC" />
		</Unit>
		<Unit filename="thirdparty/CBLAS/src/cblas_drotmg.c">
			<Option compilerVar="CC" />
		</Unit>
		<Unit filename="thirdparty/CBLAS/src/cblas_dsbmv.c">
			<Option compilerVar="CC" />
		</Unit>
		<Unit filename="thirdparty/CBLAS/src/cblas_dscal.c">
			<Option compilerVar="CC" />
		</Unit>
		<Unit filename="thirdparty/CBLAS/src/cblas_dsdot.c">
			<Option compilerVar="CC" />
		</Unit>
		<Unit filename="thirdparty/CBLAS/src/cblas_dspmv.c">
			<Option compilerVar="CC" />
		</Unit>
		<Unit filename="thirdparty/CBLAS/src/cblas_dspr.c">
			<Option compilerVar="CC" />
		</Unit>
		<Unit filename="thirdparty/CBLAS/src/cblas_dspr2.c">
			<Option compilerVar="CC" />
		</Unit>
		<Unit filename="thirdparty/CBLAS/src/cblas_dswap.c">
			<Option compilerVar="CC" />
		</Unit>
		<Unit filename="thirdparty/CBLAS/src/cblas_dsymm.c">
			<Option compilerVar="CC" />
		</Unit>
		<Unit filename="thirdparty/CBLAS/src/cblas_dsymv.c">
			<Option compilerVar="CC" />
		</Unit>
		<Unit filename="thirdparty/CBLAS/src/cblas_dsyr.c">
			<Option compilerVar="CC" />
		</Unit>
		<Unit filename="thirdparty/CBLAS/src/cblas_dsyr2.c">
			<Option compilerVar="CC" />
		</Unit>
		<Unit filename="thirdparty/CBLAS/src/cblas_dsyr2k.c">
			<Option compilerVar="CC" />
		</Unit>
		<Unit filename="thirdparty/CBLAS/src/cblas_dsyrk.c">
			<Option compilerVar="CC" />
		</Unit>
		<Unit filename="thirdparty/CBLAS/src/cblas_dtbmv.c">
			<Option compilerVar="CC" />
		</Unit>
		<Unit filename="thirdparty/CBLAS/src/cblas_dtbsv.c">
			<Option compilerVar="CC" />
		</Unit>
		<Unit filename="thirdparty/CBLAS/src/cblas_dtpmv.c">
			<Option compilerVar="CC" />
		</Unit>
		<Unit filename="thirdparty/CBLAS/src/cblas_dtpsv.c">
			<Option compilerVar="CC" />
		</Unit>
		<Unit filename="thirdparty/CBLAS/src/cblas_dtrmm.c">
			<Option compilerVar="CC" />
		</Unit>
		<Unit filename="thirdparty/CBLAS/src/cblas_dtrmv.c">
			<Option compilerVar="CC" />
		</Unit>
		<Unit filename="thirdparty/CBLAS/src/cblas_dtrsm.c">
			<Option compilerVar="CC" />
		</Unit>
		<Unit filename="thirdparty/CBLAS/src/cblas_dtrsv.c">
			<Option compilerVar="CC" />
		</Unit>
		<Unit filename="thirdparty/CBLAS/src/cblas_dzasum.c">
			<Option compilerVar="CC" />
		</Unit>
		<Unit filename="thirdparty/CBLAS/src/cblas_dznrm2.c">
			<Option compilerVar="CC" />
		</Unit>
		<Unit filename="thirdparty/CBLAS/src/cblas_globals.c">
			<Option compilerVar="CC" />
		</Unit>
		<Unit filename="thirdparty/CBLAS/src/cblas_icamax.c">
			<Option compilerVar="CC" />
		</Unit>
		<Unit filename="thirdparty/CBLAS/src/cblas_idamax.c">
			<Option compilerVar="CC" />
		</Unit>
		<Unit filename="thirdparty/CBLAS/src/cblas_isamax.c">
			<Option compilerVar="CC" />
		</Unit>
		<Unit filename="thirdparty/CBLAS/src/cblas_izamax.c">
			<Option compilerVar="CC" />
		</Unit>
		<Unit filename="thirdparty/CBLAS/src/cblas_sasum.c">
			<Option compilerVar="CC" />
		</Unit>
		<Unit filename="thirdparty/CBLAS/src/cblas_saxpy.c">
			<Option compilerVar="CC" />
		</Unit>
		<Unit filename="thirdparty/CBLAS/src/cblas_scasum.c">
			<Option compilerVar="CC" />
		</Unit>
		<Unit filename="thirdparty/CBLAS/src/cblas_scnrm2.c">
			<Option compilerVar="CC" />
		</Unit>
		<Unit filename="thirdparty/CBLAS/src/cblas_scopy.c">
			<Option compilerVar="CC" />
		</Unit>
		<Unit filename="thirdparty/CBLAS/src/cblas_sdot.c">
			<Option compilerVar="CC" />
		</Unit>
		<Unit filename="thirdparty/CBLAS/src/cblas_sdsdot.c">
			<Option compilerVar="CC" />
		</Unit>
		<Unit filename="thirdparty/CBLAS/src/cblas_sgbmv.c">
			<Option compilerVar="CC" />
		</Unit>
		<Unit filename="thirdparty/CBLAS/src/cblas_sgemm.c">
			<Option compilerVar="CC" />
		</Unit>
		<Unit filename="thirdparty/CBLAS/src/cblas_sgemv.c">
			<Option compilerVar="CC" />
		</Unit>
		<Unit filename="thirdparty/CBLAS/src/cblas_sger.c">
			<Option compilerVar="CC" />
		</Unit>
		<Unit filename="thirdparty/CBLAS/src/cblas_snrm2.c">
			<Option compilerVar="CC" />
		</Unit>
		<Unit filename="thirdparty/CBLAS/src/cblas_srot.c">
			<Option compilerVar="CC" />
		</Unit>
		<Unit filename="thirdparty/CBLAS/src/cblas_srotg.c">
			<Option compilerVar="CC" />
		</Unit>
		<Unit filename="thirdparty/CBLAS/src/cblas_srotm.c">
			<Option compilerVar="CC" />
		</Unit>
		<Unit filename="thirdparty/CBLAS/src/cblas_srotmg.c">
			<Option compilerVar="CC" />
		</Unit>
		<Unit filename="thirdparty/CBLAS/src/cblas_ssbmv.c">
			<Option compilerVar="CC" />
		</Unit>
		<Unit filename="thirdparty/CBLAS/src/cblas_sscal.c">
			<Option compilerVar="CC" />
		</Unit>
		<Unit filename="thirdparty/CBLAS/src/cblas_sspmv.c">
			<Option compilerVar="CC" />
		</Unit>
		<Unit filename="thirdparty/CBLAS/src/cblas_sspr.c">
			<Option compilerVar="CC" />
		</Unit>
		<Unit filename="thirdparty/CBLAS/src/cblas_sspr2.c">
			<Option compilerVar="CC" />
		</Unit>
		<Unit filename="thirdparty/CBLAS/src/cblas_sswap.c">
			<Option compilerVar="CC" />
		</Unit>
		<Unit filename="thirdparty/CBLAS/src/cblas_ssymm.c">
			<Option compilerVar="CC" />
		</Unit>
		<Unit filename="thirdparty/CBLAS/src/cblas_ssymv.c">
			<Option compilerVar="CC" />
		</Unit>
		<Unit filename="thirdparty/CBLAS/src/cblas_ssyr.c">
			<Option compilerVar="CC" />
		</Unit>
		<Unit filename="thirdparty/CBLAS/src/cblas_ssyr2.c">
			<Option compilerVar="CC" />
		</Unit>
		<Unit filename="thirdparty/CBLAS/src/cblas_ssyr2k.c">
			<Option compilerVar="CC" />
		</Unit>
		<Unit filename="thirdparty/CBLAS/src/cblas_ssyrk.c">
			<Option compilerVar="CC" />
		</Unit>
		<Unit filename="thirdparty/CBLAS/src/cblas_stbmv.c">
			<Option compilerVar="CC" />
		</Unit>
		<Unit filename="thirdparty/CBLAS/src/cblas_stbsv.c">
			<Option compilerVar="CC" />
		</Unit>
		<Unit filename="thirdparty/CBLAS/src/cblas_stpmv.c">
			<Option compilerVar="CC" />
		</Unit>
		<Unit filename="thirdparty/CBLAS/src/cblas_stpsv.c">
			<Option compilerVar="CC" />
		</Unit>
		<Unit filename="thirdparty/CBLAS/src/cblas_strmm.c">
			<Option compilerVar="CC" />
		</Unit>
		<Unit filename="thirdparty/CBLAS/src/cblas_strmv.c">
			<Option compilerVar="CC" />
		</Unit>
		<Unit filename="thirdparty/CBLAS/src/cblas_strsm.c">
			<Option compilerVar="CC" />
		</Unit>
		<Unit filename="thirdparty/CBLAS/src/cblas_strsv.c">
			<Option compilerVar="CC" />
		</Unit>
		<Unit filename="thirdparty/CBLAS/src/cblas_xerbla.c">
			<Option compilerVar="CC" />
		</Unit>
		<Unit filename="thirdparty/CBLAS/src/cblas_zaxpy.c">
			<Option compilerVar="CC" />
		</Unit>
		<Unit filename="thirdparty/CBLAS/src/cblas_zcopy.c">
			<Option compilerVar="CC" />
		</Unit>
		<Unit filename="thirdparty/CBLAS/src/cblas_zdotc_sub.c">
			<Option compilerVar="CC" />
		</Unit>
		<Unit filename="thirdparty/CBLAS/src/cblas_zdotu_sub.c">
			<Option compilerVar="CC" />
		</Unit>
		<Unit filename="thirdparty/CBLAS/src/cblas_zdscal.c">
			<Option compilerVar="CC" />
		</Unit>
		<Unit filename="thirdparty/CBLAS/src/cblas_zgbmv.c">
			<Option compilerVar="CC" />
		</Unit>
		<Unit filename="thirdparty/CBLAS/src/cblas_zgemm.c">
			<Option compilerVar="CC" />
		</Unit>
		<Unit filename="thirdparty/CBLAS/src/cblas_zgemv.c">
			<Option compilerVar="CC" />
		</Unit>
		<Unit filename="thirdparty/CBLAS/src/cblas_zgerc.c">
			<Option compilerVar="CC" />
		</Unit>
		<Unit filename="thirdparty/CBLAS/src/cblas_zgeru.c">
			<Option compilerVar="CC" />
		</Unit>
		<Unit filename="thirdparty/CBLAS/src/cblas_zhbmv.c">
			<Option compilerVar="CC" />
		</Unit>
		<Unit filename="thirdparty/CBLAS/src/cblas_zhemm.c">
			<Option compilerVar="CC" />
		</Unit>
		<Unit filename="thirdparty/CBLAS/src/cblas_zhemv.c">
			<Option compilerVar="CC" />
		</Unit>
		<Unit filename="thirdparty/CBLAS/src/cblas_zher.c">
			<Option compilerVar="CC" />
		</Unit>
		<Unit filename="thirdparty/CBLAS/src/cblas_zher2.c">
			<Option compilerVar="CC" />
		</Unit>
		<Unit filename="thirdparty/CBLAS/src/cblas_zher2k.c">
			<Option compilerVar="CC" />
		</Unit>
		<Unit filename="thirdparty/CBLAS/src/cblas_zherk.c">
			<Option compilerVar="CC" />
		</Unit>
		<Unit filename="thirdparty/CBLAS/src/cblas_zhpmv.c">
			<Option compilerVar="CC" />
		</Unit>
		<Unit filename="thirdparty/CBLAS/src/cblas_zhpr.c">
			<Option compilerVar="CC" />
		</Unit>
		<Unit filename="thirdparty/CBLAS/src/cblas_zhpr2.c">
			<Option compilerVar="CC" />
		</Unit>
		<Unit filename="thirdparty/CBLAS/src/cblas_zscal.c">
			<Option compilerVar="CC" />
		</Unit>
		<Unit filename="thirdparty/CBLAS/src/cblas_zswap.c">
			<Option compilerVar="CC" />
		</Unit>
		<Unit filename="thirdparty/CBLAS/src/cblas_zsymm.c">
			<Option compilerVar="CC" />
		</Unit>
		<Unit filename="thirdparty/CBLAS/src/cblas_zsyr2k.c">
			<Option compilerVar="CC" />
		</Unit>
		<Unit filename="thirdparty/CBLAS/src/cblas_zsyrk.c">
			<Option compilerVar="CC" />
		</Unit>
		<Unit filename="thirdparty/CBLAS/src/cblas_ztbmv.c">
			<Option compilerVar="CC" />
		</Unit>
		<Unit filename="thirdparty/CBLAS/src/cblas_ztbsv.c">
			<Option compilerVar="CC" />
		</Unit>
		<Unit filename="thirdparty/CBLAS/src/cblas_ztpmv.c">
			<Option compilerVar="CC" />
		</Unit>
		<Unit filename="thirdparty/CBLAS/src/cblas_ztpsv.c">
			<Option compilerVar="CC" />
		</Unit>
		<Unit filename="thirdparty/CBLAS/src/cblas_ztrmm.c">
			<Option compilerVar="CC" />
		</Unit>
		<Unit filename="thirdparty/CBLAS/src/cblas_ztrmv.c">
			<Option compilerVar="CC" />
		</Unit>
		<Unit filename="thirdparty/CBLAS/src/cblas_ztrsm.c">
			<Option compilerVar="CC" />
		</Unit>
		<Unit filename="thirdparty/CBLAS/src/cblas_ztrsv.c">
			<Option compilerVar="CC" />
		</Unit>
		<Unit filename="thirdparty/CBLAS/src/xerbla.c">
			<Option compilerVar="CC" />
		</Unit>
		<Unit filename="thirdparty/SuiteSparse/AMD/Include/amd.h" />
		<Unit filename="thirdparty/SuiteSparse/AMD/Include/amd_internal.h" />
		<Unit filename="thirdparty/SuiteSparse/AMD/Source/amd_1.c">
			<Option compilerVar="CC" />
		</Unit>
		<Unit filename="thirdparty/SuiteSparse/AMD/Source/amd_2.c">
			<Option compilerVar="CC" />
		</Unit>
		<Unit filename="thirdparty/SuiteSparse/AMD/Source/amd_aat.c">
			<Option compilerVar="CC" />
		</Unit>
		<Unit filename="thirdparty/SuiteSparse/AMD/Source/amd_control.c">
			<Option compilerVar="CC" />
		</Unit>
		<Unit filename="thirdparty/SuiteSparse/AMD/Source/amd_defaults.c">
			<Option compilerVar="CC" />
		</Unit>
		<Unit filename="thirdparty/SuiteSparse/AMD/Source/amd_dump.c">
			<Option compilerVar="CC" />
		</Unit>
		<Unit filename="thirdparty/SuiteSparse/AMD/Source/amd_global.c">
			<Option compilerVar="CC" />
		</Unit>
		<Unit filename="thirdparty/SuiteSparse/AMD/Source/amd_info.c">
			<Option compilerVar="CC" />
		</Unit>
		<Unit filename="thirdparty/SuiteSparse/AMD/Source/amd_order.c">
			<Option compilerVar="CC" />
		</Unit>
		<Unit filename="thirdparty/SuiteSparse/AMD/Source/amd_post_tree.c">
			<Option compilerVar="CC" />
		</Unit>
		<Unit filename="thirdparty/SuiteSparse/AMD/Source/amd_postorder.c">
			<Option compilerVar="CC" />
		</Unit>
		<Unit filename="thirdparty/SuiteSparse/AMD/Source/amd_preprocess.c">
			<Option compilerVar="CC" />
		</Unit>
		<Unit filename="thirdparty/SuiteSparse/AMD/Source/amd_valid.c">
			<Option compilerVar="CC" />
		</Unit>
		<Unit filename="thirdparty/SuiteSparse/CAMD/Include/camd.h" />
		<Unit filename="thirdparty/SuiteSparse/CAMD/Include/camd_internal.h" />
		<Unit filename="thirdparty/SuiteSparse/CAMD/Source/camd_1.c">
			<Option compilerVar="CC" />
		</Unit>
		<Unit filename="thirdparty/SuiteSparse/CAMD/Source/camd_2.c">
			<Option compilerVar="CC" />
		</Unit>
		<Unit filename="thirdparty/SuiteSparse/CAMD/Source/camd_aat.c">
			<Option compilerVar="CC" />
		</Unit>
		<Unit filename="thirdparty/SuiteSparse/CAMD/Source/camd_control.c">
			<Option compilerVar="CC" />
		</Unit>
		<Unit filename="thirdparty/SuiteSparse/CAMD/Source/camd_defaults.c">
			<Option compilerVar="CC" />
		</Unit>
		<Unit filename="thirdparty/SuiteSparse/CAMD/Source/camd_dump.c">
			<Option compilerVar="CC" />
		</Unit>
		<Unit filename="thirdparty/SuiteSparse/CAMD/Source/camd_global.c">
			<Option compilerVar="CC" />
		</Unit>
		<Unit filename="thirdparty/SuiteSparse/CAMD/Source/camd_info.c">
			<Option compilerVar="CC" />
		</Unit>
		<Unit filename="thirdparty/SuiteSparse/CAMD/Source/camd_order.c">
			<Option compilerVar="CC" />
		</Unit>
		<Unit filename="thirdparty/SuiteSparse/CAMD/Source/camd_postorder.c">
			<Option compilerVar="CC" />
		</Unit>
		<Unit filename="thirdparty/SuiteSparse/CAMD/Source/camd_preprocess.c">
			<Option compilerVar="CC" />
		</Unit>
		<Unit filename="thirdparty/SuiteSparse/CAMD/Source/camd_valid.c">
			<Option compilerVar="CC" />
		</Unit>
		<Unit filename="thirdparty/SuiteSparse/CCOLAMD/Include/ccolamd.h" />
		<Unit filename="thirdparty/SuiteSparse/CCOLAMD/Source/ccolamd.c">
			<Option compilerVar="CC" />
		</Unit>
		<Unit filename="thirdparty/SuiteSparse/CHOLMOD/Check/cholmod_check.c">
			<Option compilerVar="CC" />
		</Unit>
		<Unit filename="thirdparty/SuiteSparse/CHOLMOD/Check/cholmod_read.c">
			<Option compilerVar="CC" />
		</Unit>
		<Unit filename="thirdparty/SuiteSparse/CHOLMOD/Check/cholmod_write.c">
			<Option compilerVar="CC" />
		</Unit>
		<Unit filename="thirdparty/SuiteSparse/CHOLMOD/Cholesky/cholmod_amd.c">
			<Option compilerVar="CC" />
		</Unit>
		<Unit filename="thirdparty/SuiteSparse/CHOLMOD/Cholesky/cholmod_analyze.c">
			<Option compilerVar="CC" />
		</Unit>
		<Unit filename="thirdparty/SuiteSparse/CHOLMOD/Cholesky/cholmod_colamd.c">
			<Option compilerVar="CC" />
		</Unit>
		<Unit filename="thirdparty/SuiteSparse/CHOLMOD/Cholesky/cholmod_etree.c">
			<Option compilerVar="CC" />
		</Unit>
		<Unit filename="thirdparty/SuiteSparse/CHOLMOD/Cholesky/cholmod_factorize.c">
			<Option compilerVar="CC" />
		</Unit>
		<Unit filename="thirdparty/SuiteSparse/CHOLMOD/Cholesky/cholmod_postorder.c">
			<Option compilerVar="CC" />
		</Unit>
		<Unit filename="thirdparty/SuiteSparse/CHOLMOD/Cholesky/cholmod_rcond.c">
			<Option compilerVar="CC" />
		</Unit>
		<Unit filename="thirdparty/SuiteSparse/CHOLMOD/Cholesky/cholmod_resymbol.c">
			<Option compilerVar="CC" />
		</Unit>
		<Unit filename="thirdparty/SuiteSparse/CHOLMOD/Cholesky/cholmod_rowcolcounts.c">
			<Option compilerVar="CC" />
		</Unit>
		<Unit filename="thirdparty/SuiteSparse/CHOLMOD/Cholesky/cholmod_rowfac.c">
			<Option compilerVar="CC" />
		</Unit>
		<Unit filename="thirdparty/SuiteSparse/CHOLMOD/Cholesky/cholmod_solve.c">
			<Option compilerVar="CC" />
		</Unit>
		<Unit filename="thirdparty/SuiteSparse/CHOLMOD/Cholesky/cholmod_spsolve.c">
			<Option compilerVar="CC" />
		</Unit>
		<Unit filename="thirdparty/SuiteSparse/CHOLMOD/Core/cholmod_aat.c">
			<Option compilerVar="CC" />
		</Unit>
		<Unit filename="thirdparty/SuiteSparse/CHOLMOD/Core/cholmod_add.c">
			<Option compilerVar="CC" />
		</Unit>
		<Unit filename="thirdparty/SuiteSparse/CHOLMOD/Core/cholmod_band.c">
			<Option compilerVar="CC" />
		</Unit>
		<Unit filename="thirdparty/SuiteSparse/CHOLMOD/Core/cholmod_change_factor.c">
			<Option compilerVar="CC" />
		</Unit>
		<Unit filename="thirdparty/SuiteSparse/CHOLMOD/Core/cholmod_common.c">
			<Option compilerVar="CC" />
		</Unit>
		<Unit filename="thirdparty/SuiteSparse/CHOLMOD/Core/cholmod_complex.c">
			<Option compilerVar="CC" />
		</Unit>
		<Unit filename="thirdparty/SuiteSparse/CHOLMOD/Core/cholmod_copy.c">
			<Option compilerVar="CC" />
		</Unit>
		<Unit filename="thirdparty/SuiteSparse/CHOLMOD/Core/cholmod_dense.c">
			<Option compilerVar="CC" />
		</Unit>
		<Unit filename="thirdparty/SuiteSparse/CHOLMOD/Core/cholmod_error.c">
			<Option compilerVar="CC" />
		</Unit>
		<Unit filename="thirdparty/SuiteSparse/CHOLMOD/Core/cholmod_factor.c">
			<Option compilerVar="CC" />
		</Unit>
		<Unit filename="thirdparty/SuiteSparse/CHOLMOD/Core/cholmod_memory.c">
			<Option compilerVar="CC" />
		</Unit>
		<Unit filename="thirdparty/SuiteSparse/CHOLMOD/Core/cholmod_sparse.c">
			<Option compilerVar="CC" />
		</Unit>
		<Unit filename="thirdparty/SuiteSparse/CHOLMOD/Core/cholmod_transpose.c">
			<Option compilerVar="CC" />
		</Unit>
		<Unit filename="thirdparty/SuiteSparse/CHOLMOD/Core/cholmod_triplet.c">
			<Option compilerVar="CC" />
		</Unit>
		<Unit filename="thirdparty/SuiteSparse/CHOLMOD/Core/cholmod_version.c">
			<Option compilerVar="CC" />
		</Unit>
		<Unit filename="thirdparty/SuiteSparse/CHOLMOD/GPU/cholmod_gpu.c">
			<Option compilerVar="CC" />
		</Unit>
		<Unit filename="thirdparty/SuiteSparse/CHOLMOD/GPU/cholmod_gpu_kernels.c">
			<Option compilerVar="CC" />
		</Unit>
		<Unit filename="thirdparty/SuiteSparse/CHOLMOD/Include/cholmod.h" />
		<Unit filename="thirdparty/SuiteSparse/CHOLMOD/Include/cholmod_blas.h" />
		<Unit filename="thirdparty/SuiteSparse/CHOLMOD/Include/cholmod_camd.h" />
		<Unit filename="thirdparty/SuiteSparse/CHOLMOD/Include/cholmod_check.h" />
		<Unit filename="thirdparty/SuiteSparse/CHOLMOD/Include/cholmod_cholesky.h" />
		<Unit filename="thirdparty/SuiteSparse/CHOLMOD/Include/cholmod_complexity.h" />
		<Unit filename="thirdparty/SuiteSparse/CHOLMOD/Include/cholmod_config.h" />
		<Unit filename="thirdparty/SuiteSparse/CHOLMOD/Include/cholmod_core.h" />
		<Unit filename="thirdparty/SuiteSparse/CHOLMOD/Include/cholmod_function.h" />
		<Unit filename="thirdparty/SuiteSparse/CHOLMOD/Include/cholmod_gpu.h" />
		<Unit filename="thirdparty/SuiteSparse/CHOLMOD/Include/cholmod_gpu_kernels.h" />
		<Unit filename="thirdparty/SuiteSparse/CHOLMOD/Include/cholmod_internal.h" />
		<Unit filename="thirdparty/SuiteSparse/CHOLMOD/Include/cholmod_io64.h" />
		<Unit filename="thirdparty/SuiteSparse/CHOLMOD/Include/cholmod_matrixops.h" />
		<Unit filename="thirdparty/SuiteSparse/CHOLMOD/Include/cholmod_modify.h" />
		<Unit filename="thirdparty/SuiteSparse/CHOLMOD/Include/cholmod_partition.h" />
		<Unit filename="thirdparty/SuiteSparse/CHOLMOD/Include/cholmod_supernodal.h" />
		<Unit filename="thirdparty/SuiteSparse/CHOLMOD/Include/cholmod_template.h" />
		<Unit filename="thirdparty/SuiteSparse/CHOLMOD/MatrixOps/cholmod_drop.c">
			<Option compilerVar="CC" />
		</Unit>
		<Unit filename="thirdparty/SuiteSparse/CHOLMOD/MatrixOps/cholmod_horzcat.c">
			<Option compilerVar="CC" />
		</Unit>
		<Unit filename="thirdparty/SuiteSparse/CHOLMOD/MatrixOps/cholmod_norm.c">
			<Option compilerVar="CC" />
		</Unit>
		<Unit filename="thirdparty/SuiteSparse/CHOLMOD/MatrixOps/cholmod_scale.c">
			<Option compilerVar="CC" />
		</Unit>
		<Unit filename="thirdparty/SuiteSparse/CHOLMOD/MatrixOps/cholmod_sdmult.c">
			<Option compilerVar="CC" />
		</Unit>
		<Unit filename="thirdparty/SuiteSparse/CHOLMOD/MatrixOps/cholmod_ssmult.c">
			<Option compilerVar="CC" />
		</Unit>
		<Unit filename="thirdparty/SuiteSparse/CHOLMOD/MatrixOps/cholmod_submatrix.c">
			<Option compilerVar="CC" />
		</Unit>
		<Unit filename="thirdparty/SuiteSparse/CHOLMOD/MatrixOps/cholmod_symmetry.c">
			<Option compilerVar="CC" />
		</Unit>
		<Unit filename="thirdparty/SuiteSparse/CHOLMOD/MatrixOps/cholmod_vertcat.c">
			<Option compilerVar="CC" />
		</Unit>
		<Unit filename="thirdparty/SuiteSparse/CHOLMOD/Modify/cholmod_rowadd.c">
			<Option compilerVar="CC" />
		</Unit>
		<Unit filename="thirdparty/SuiteSparse/CHOLMOD/Modify/cholmod_rowdel.c">
			<Option compilerVar="CC" />
		</Unit>
		<Unit filename="thirdparty/SuiteSparse/CHOLMOD/Modify/cholmod_updown.c">
			<Option compilerVar="CC" />
		</Unit>
		<Unit filename="thirdparty/SuiteSparse/CHOLMOD/Partition/cholmod_camd.c">
			<Option compilerVar="CC" />
		</Unit>
		<Unit filename="thirdparty/SuiteSparse/CHOLMOD/Partition/cholmod_ccolamd.c">
			<Option compilerVar="CC" />
		</Unit>
		<Unit filename="thirdparty/SuiteSparse/CHOLMOD/Partition/cholmod_csymamd.c">
			<Option compilerVar="CC" />
		</Unit>
		<Unit filename="thirdparty/SuiteSparse/CHOLMOD/Partition/cholmod_metis.c">
			<Option compilerVar="CC" />
		</Unit>
		<Unit filename="thirdparty/SuiteSparse/CHOLMOD/Partition/cholmod_nesdis.c">
			<Option compilerVar="CC" />
		</Unit>
		<Unit filename="thirdparty/SuiteSparse/CHOLMOD/Supernodal/cholmod_super_numeric.c">
			<Option compilerVar="CC" />
		</Unit>
		<Unit filename="thirdparty/SuiteSparse/CHOLMOD/Supernodal/cholmod_super_solve.c">
			<Option compilerVar="CC" />
		</Unit>
		<Unit filename="thirdparty/SuiteSparse/CHOLMOD/Supernodal/cholmod_super_symbolic.c">
			<Option compilerVar="CC" />
		</Unit>
		<Unit filename="thirdparty/SuiteSparse/CHOLMOD/Tcov/cm.h" />
		<Unit filename="thirdparty/SuiteSparse/COLAMD/Include/colamd.h" />
		<Unit filename="thirdparty/SuiteSparse/COLAMD/Source/colamd.c">
			<Option compilerVar="CC" />
		</Unit>
		<Unit filename="thirdparty/SuiteSparse/SuiteSparse_config/SuiteSparse_config.c">
			<Option compilerVar="CC" />
		</Unit>
		<Unit filename="thirdparty/SuiteSparse/SuiteSparse_config/SuiteSparse_config.h" />
		<Unit filename="thirdparty/SuiteSparse/UMFPACK/Include/umfpack.h" />
		<Unit filename="thirdparty/SuiteSparse/UMFPACK/Include/umfpack_col_to_triplet.h" />
		<Unit filename="thirdparty/SuiteSparse/UMFPACK/Include/umfpack_defaults.h" />
		<Unit filename="thirdparty/SuiteSparse/UMFPACK/Include/umfpack_free_numeric.h" />
		<Unit filename="thirdparty/SuiteSparse/UMFPACK/Include/umfpack_free_symbolic.h" />
		<Unit filename="thirdparty/SuiteSparse/UMFPACK/Include/umfpack_get_determinant.h" />
		<Unit filename="thirdparty/SuiteSparse/UMFPACK/Include/umfpack_get_lunz.h" />
		<Unit filename="thirdparty/SuiteSparse/UMFPACK/Include/umfpack_get_numeric.h" />
		<Unit filename="thirdparty/SuiteSparse/UMFPACK/Include/umfpack_get_symbolic.h" />
		<Unit filename="thirdparty/SuiteSparse/UMFPACK/Include/umfpack_global.h" />
		<Unit filename="thirdparty/SuiteSparse/UMFPACK/Include/umfpack_load_numeric.h" />
		<Unit filename="thirdparty/SuiteSparse/UMFPACK/Include/umfpack_load_symbolic.h" />
		<Unit filename="thirdparty/SuiteSparse/UMFPACK/Include/umfpack_numeric.h" />
		<Unit filename="thirdparty/SuiteSparse/UMFPACK/Include/umfpack_qsymbolic.h" />
		<Unit filename="thirdparty/SuiteSparse/UMFPACK/Include/umfpack_report_control.h" />
		<Unit filename="thirdparty/SuiteSparse/UMFPACK/Include/umfpack_report_info.h" />
		<Unit filename="thirdparty/SuiteSparse/UMFPACK/Include/umfpack_report_matrix.h" />
		<Unit filename="thirdparty/SuiteSparse/UMFPACK/Include/umfpack_report_numeric.h" />
		<Unit filename="thirdparty/SuiteSparse/UMFPACK/Include/umfpack_report_perm.h" />
		<Unit filename="thirdparty/SuiteSparse/UMFPACK/Include/umfpack_report_status.h" />
		<Unit filename="thirdparty/SuiteSparse/UMFPACK/Include/umfpack_report_symbolic.h" />
		<Unit filename="thirdparty/SuiteSparse/UMFPACK/Include/umfpack_report_triplet.h" />
		<Unit filename="thirdparty/SuiteSparse/UMFPACK/Include/umfpack_report_vector.h" />
		<Unit filename="thirdparty/SuiteSparse/UMFPACK/Include/umfpack_save_numeric.h" />
		<Unit filename="thirdparty/SuiteSparse/UMFPACK/Include/umfpack_save_symbolic.h" />
		<Unit filename="thirdparty/SuiteSparse/UMFPACK/Include/umfpack_scale.h" />
		<Unit filename="thirdparty/SuiteSparse/UMFPACK/Include/umfpack_solve.h" />
		<Unit filename="thirdparty/SuiteSparse/UMFPACK/Include/umfpack_symbolic.h" />
		<Unit filename="thirdparty/SuiteSparse/UMFPACK/Include/umfpack_tictoc.h" />
		<Unit filename="thirdparty/SuiteSparse/UMFPACK/Include/umfpack_timer.h" />
		<Unit filename="thirdparty/SuiteSparse/UMFPACK/Include/umfpack_transpose.h" />
		<Unit filename="thirdparty/SuiteSparse/UMFPACK/Include/umfpack_triplet_to_col.h" />
		<Unit filename="thirdparty/SuiteSparse/UMFPACK/Include/umfpack_wsolve.h" />
		<Unit filename="thirdparty/SuiteSparse/UMFPACK/Source/cholmod_blas.h" />
		<Unit filename="thirdparty/SuiteSparse/UMFPACK/Source/umf_analyze.c">
			<Option compilerVar="CC" />
		</Unit>
		<Unit filename="thirdparty/SuiteSparse/UMFPACK/Source/umf_analyze.h" />
		<Unit filename="thirdparty/SuiteSparse/UMFPACK/Source/umf_apply_order.c">
			<Option compilerVar="CC" />
		</Unit>
		<Unit filename="thirdparty/SuiteSparse/UMFPACK/Source/umf_apply_order.h" />
		<Unit filename="thirdparty/SuiteSparse/UMFPACK/Source/umf_assemble.c">
			<Option compilerVar="CC" />
		</Unit>
		<Unit filename="thirdparty/SuiteSparse/UMFPACK/Source/umf_assemble.h" />
		<Unit filename="thirdparty/SuiteSparse/UMFPACK/Source/umf_blas3_update.c">
			<Option compilerVar="CC" />
		</Unit>
		<Unit filename="thirdparty/SuiteSparse/UMFPACK/Source/umf_blas3_update.h" />
		<Unit filename="thirdparty/SuiteSparse/UMFPACK/Source/umf_build_tuples.c">
			<Option compilerVar="CC" />
		</Unit>
		<Unit filename="thirdparty/SuiteSparse/UMFPACK/Source/umf_build_tuples.h" />
		<Unit filename="thirdparty/SuiteSparse/UMFPACK/Source/umf_cholmod.c">
			<Option compilerVar="CC" />
		</Unit>
		<Unit filename="thirdparty/SuiteSparse/UMFPACK/Source/umf_cholmod.h" />
		<Unit filename="thirdparty/SuiteSparse/UMFPACK/Source/umf_colamd.c">
			<Option compilerVar="CC" />
		</Unit>
		<Unit filename="thirdparty/SuiteSparse/UMFPACK/Source/umf_colamd.h" />
		<Unit filename="thirdparty/SuiteSparse/UMFPACK/Source/umf_config.h" />
		<Unit filename="thirdparty/SuiteSparse/UMFPACK/Source/umf_create_element.c">
			<Option compilerVar="CC" />
		</Unit>
		<Unit filename="thirdparty/SuiteSparse/UMFPACK/Source/umf_create_element.h" />
		<Unit filename="thirdparty/SuiteSparse/UMFPACK/Source/umf_dump.c">
			<Option compilerVar="CC" />
		</Unit>
		<Unit filename="thirdparty/SuiteSparse/UMFPACK/Source/umf_dump.h" />
		<Unit filename="thirdparty/SuiteSparse/UMFPACK/Source/umf_extend_front.c">
			<Option compilerVar="CC" />
		</Unit>
		<Unit filename="thirdparty/SuiteSparse/UMFPACK/Source/umf_extend_front.h" />
		<Unit filename="thirdparty/SuiteSparse/UMFPACK/Source/umf_free.c">
			<Option compilerVar="CC" />
		</Unit>
		<Unit filename="thirdparty/SuiteSparse/UMFPACK/Source/umf_free.h" />
		<Unit filename="thirdparty/SuiteSparse/UMFPACK/Source/umf_fsize.c">
			<Option compilerVar="CC" />
		</Unit>
		<Unit filename="thirdparty/SuiteSparse/UMFPACK/Source/umf_fsize.h" />
		<Unit filename="thirdparty/SuiteSparse/UMFPACK/Source/umf_garbage_collection.c">
			<Option compilerVar="CC" />
		</Unit>
		<Unit filename="thirdparty/SuiteSparse/UMFPACK/Source/umf_garbage_collection.h" />
		<Unit filename="thirdparty/SuiteSparse/UMFPACK/Source/umf_get_memory.c">
			<Option compilerVar="CC" />
		</Unit>
		<Unit filename="thirdparty/SuiteSparse/UMFPACK/Source/umf_get_memory.h" />
		<Unit filename="thirdparty/SuiteSparse/UMFPACK/Source/umf_grow_front.c">
			<Option compilerVar="CC" />
		</Unit>
		<Unit filename="thirdparty/SuiteSparse/UMFPACK/Source/umf_grow_front.h" />
		<Unit filename="thirdparty/SuiteSparse/UMFPACK/Source/umf_init_front.c">
			<Option compilerVar="CC" />
		</Unit>
		<Unit filename="thirdparty/SuiteSparse/UMFPACK/Source/umf_init_front.h" />
		<Unit filename="thirdparty/SuiteSparse/UMFPACK/Source/umf_internal.h" />
		<Unit filename="thirdparty/SuiteSparse/UMFPACK/Source/umf_is_permutation.c">
			<Option compilerVar="CC" />
		</Unit>
		<Unit filename="thirdparty/SuiteSparse/UMFPACK/Source/umf_is_permutation.h" />
		<Unit filename="thirdparty/SuiteSparse/UMFPACK/Source/umf_kernel.c">
			<Option compilerVar="CC" />
		</Unit>
		<Unit filename="thirdparty/SuiteSparse/UMFPACK/Source/umf_kernel.h" />
		<Unit filename="thirdparty/SuiteSparse/UMFPACK/Source/umf_kernel_init.c">
			<Option compilerVar="CC" />
		</Unit>
		<Unit filename="thirdparty/SuiteSparse/UMFPACK/Source/umf_kernel_init.h" />
		<Unit filename="thirdparty/SuiteSparse/UMFPACK/Source/umf_kernel_wrapup.c">
			<Option compilerVar="CC" />
		</Unit>
		<Unit filename="thirdparty/SuiteSparse/UMFPACK/Source/umf_kernel_wrapup.h" />
		<Unit filename="thirdparty/SuiteSparse/UMFPACK/Source/umf_local_search.c">
			<Option compilerVar="CC" />
		</Unit>
		<Unit filename="thirdparty/SuiteSparse/UMFPACK/Source/umf_local_search.h" />
		<Unit filename="thirdparty/SuiteSparse/UMFPACK/Source/umf_lsolve.c">
			<Option compilerVar="CC" />
		</Unit>
		<Unit filename="thirdparty/SuiteSparse/UMFPACK/Source/umf_lsolve.h" />
		<Unit filename="thirdparty/SuiteSparse/UMFPACK/Source/umf_ltsolve.c">
			<Option compilerVar="CC" />
		</Unit>
		<Unit filename="thirdparty/SuiteSparse/UMFPACK/Source/umf_ltsolve.h" />
		<Unit filename="thirdparty/SuiteSparse/UMFPACK/Source/umf_malloc.c">
			<Option compilerVar="CC" />
		</Unit>
		<Unit filename="thirdparty/SuiteSparse/UMFPACK/Source/umf_malloc.h" />
		<Unit filename="thirdparty/SuiteSparse/UMFPACK/Source/umf_mem_alloc_element.c">
			<Option compilerVar="CC" />
		</Unit>
		<Unit filename="thirdparty/SuiteSparse/UMFPACK/Source/umf_mem_alloc_element.h" />
		<Unit filename="thirdparty/SuiteSparse/UMFPACK/Source/umf_mem_alloc_head_block.c">
			<Option compilerVar="CC" />
		</Unit>
		<Unit filename="thirdparty/SuiteSparse/UMFPACK/Source/umf_mem_alloc_head_block.h" />
		<Unit filename="thirdparty/SuiteSparse/UMFPACK/Source/umf_mem_alloc_tail_block.c">
			<Option compilerVar="CC" />
		</Unit>
		<Unit filename="thirdparty/SuiteSparse/UMFPACK/Source/umf_mem_alloc_tail_block.h" />
		<Unit filename="thirdparty/SuiteSparse/UMFPACK/Source/umf_mem_free_tail_block.c">
			<Option compilerVar="CC" />
		</Unit>
		<Unit filename="thirdparty/SuiteSparse/UMFPACK/Source/umf_mem_free_tail_block.h" />
		<Unit filename="thirdparty/SuiteSparse/UMFPACK/Source/umf_mem_init_memoryspace.c">
			<Option compilerVar="CC" />
		</Unit>
		<Unit filename="thirdparty/SuiteSparse/UMFPACK/Source/umf_mem_init_memoryspace.h" />
		<Unit filename="thirdparty/SuiteSparse/UMFPACK/Source/umf_multicompile.c">
			<Option compilerVar="CC" />
		</Unit>
		<Unit filename="thirdparty/SuiteSparse/UMFPACK/Source/umf_realloc.c">
			<Option compilerVar="CC" />
		</Unit>
		<Unit filename="thirdparty/SuiteSparse/UMFPACK/Source/umf_realloc.h" />
		<Unit filename="thirdparty/SuiteSparse/UMFPACK/Source/umf_report_perm.c">
			<Option compilerVar="CC" />
		</Unit>
		<Unit filename="thirdparty/SuiteSparse/UMFPACK/Source/umf_report_perm.h" />
		<Unit filename="thirdparty/SuiteSparse/UMFPACK/Source/umf_report_vector.c">
			<Option compilerVar="CC" />
		</Unit>
		<Unit filename="thirdparty/SuiteSparse/UMFPACK/Source/umf_report_vector.h" />
		<Unit filename="thirdparty/SuiteSparse/UMFPACK/Source/umf_row_search.c">
			<Option compilerVar="CC" />
		</Unit>
		<Unit filename="thirdparty/SuiteSparse/UMFPACK/Source/umf_row_search.h" />
		<Unit filename="thirdparty/SuiteSparse/UMFPACK/Source/umf_scale.c">
			<Option compilerVar="CC" />
		</Unit>
		<Unit filename="thirdparty/SuiteSparse/UMFPACK/Source/umf_scale.h" />
		<Unit filename="thirdparty/SuiteSparse/UMFPACK/Source/umf_scale_column.c">
			<Option compilerVar="CC" />
		</Unit>
		<Unit filename="thirdparty/SuiteSparse/UMFPACK/Source/umf_scale_column.h" />
		<Unit filename="thirdparty/SuiteSparse/UMFPACK/Source/umf_set_stats.c">
			<Option compilerVar="CC" />
		</Unit>
		<Unit filename="thirdparty/SuiteSparse/UMFPACK/Source/umf_set_stats.h" />
		<Unit filename="thirdparty/SuiteSparse/UMFPACK/Source/umf_singletons.c">
			<Option compilerVar="CC" />
		</Unit>
		<Unit filename="thirdparty/SuiteSparse/UMFPACK/Source/umf_singletons.h" />
		<Unit filename="thirdparty/SuiteSparse/UMFPACK/Source/umf_solve.c">
			<Option compilerVar="CC" />
		</Unit>
		<Unit filename="thirdparty/SuiteSparse/UMFPACK/Source/umf_solve.h" />
		<Unit filename="thirdparty/SuiteSparse/UMFPACK/Source/umf_start_front.c">
			<Option compilerVar="CC" />
		</Unit>
		<Unit filename="thirdparty/SuiteSparse/UMFPACK/Source/umf_start_front.h" />
		<Unit filename="thirdparty/SuiteSparse/UMFPACK/Source/umf_store_lu.c">
			<Option compilerVar="CC" />
		</Unit>
		<Unit filename="thirdparty/SuiteSparse/UMFPACK/Source/umf_store_lu.h" />
		<Unit filename="thirdparty/SuiteSparse/UMFPACK/Source/umf_symbolic_usage.c">
			<Option compilerVar="CC" />
		</Unit>
		<Unit filename="thirdparty/SuiteSparse/UMFPACK/Source/umf_symbolic_usage.h" />
		<Unit filename="thirdparty/SuiteSparse/UMFPACK/Source/umf_transpose.c">
			<Option compilerVar="CC" />
		</Unit>
		<Unit filename="thirdparty/SuiteSparse/UMFPACK/Source/umf_transpose.h" />
		<Unit filename="thirdparty/SuiteSparse/UMFPACK/Source/umf_triplet.c">
			<Option compilerVar="CC" />
		</Unit>
		<Unit filename="thirdparty/SuiteSparse/UMFPACK/Source/umf_triplet.h" />
		<Unit filename="thirdparty/SuiteSparse/UMFPACK/Source/umf_tuple_lengths.c">
			<Option compilerVar="CC" />
		</Unit>
		<Unit filename="thirdparty/SuiteSparse/UMFPACK/Source/umf_tuple_lengths.h" />
		<Unit filename="thirdparty/SuiteSparse/UMFPACK/Source/umf_usolve.c">
			<Option compilerVar="CC" />
		</Unit>
		<Unit filename="thirdparty/SuiteSparse/UMFPACK/Source/umf_usolve.h" />
		<Unit filename="thirdparty/SuiteSparse/UMFPACK/Source/umf_utsolve.c">
			<Option compilerVar="CC" />
		</Unit>
		<Unit filename="thirdparty/SuiteSparse/UMFPACK/Source/umf_utsolve.h" />
		<Unit filename="thirdparty/SuiteSparse/UMFPACK/Source/umf_valid_numeric.c">
			<Option compilerVar="CC" />
		</Unit>
		<Unit filename="thirdparty/SuiteSparse/UMFPACK/Source/umf_valid_numeric.h" />
		<Unit filename="thirdparty/SuiteSparse/UMFPACK/Source/umf_valid_symbolic.c">
			<Option compilerVar="CC" />
		</Unit>
		<Unit filename="thirdparty/SuiteSparse/UMFPACK/Source/umf_valid_symbolic.h" />
		<Unit filename="thirdparty/SuiteSparse/UMFPACK/Source/umf_version.h" />
		<Unit filename="thirdparty/SuiteSparse/UMFPACK/Source/umfpack_col_to_triplet.c">
			<Option compilerVar="CC" />
		</Unit>
		<Unit filename="thirdparty/SuiteSparse/UMFPACK/Source/umfpack_defaults.c">
			<Option compilerVar="CC" />
		</Unit>
		<Unit filename="thirdparty/SuiteSparse/UMFPACK/Source/umfpack_free_numeric.c">
			<Option compilerVar="CC" />
		</Unit>
		<Unit filename="thirdparty/SuiteSparse/UMFPACK/Source/umfpack_free_symbolic.c">
			<Option compilerVar="CC" />
		</Unit>
		<Unit filename="thirdparty/SuiteSparse/UMFPACK/Source/umfpack_get_determinant.c">
			<Option compilerVar="CC" />
		</Unit>
		<Unit filename="thirdparty/SuiteSparse/UMFPACK/Source/umfpack_get_lunz.c">
			<Option compilerVar="CC" />
		</Unit>
		<Unit filename="thirdparty/SuiteSparse/UMFPACK/Source/umfpack_get_numeric.c">
			<Option compilerVar="CC" />
		</Unit>
		<Unit filename="thirdparty/SuiteSparse/UMFPACK/Source/umfpack_get_symbolic.c">
			<Option compilerVar="CC" />
		</Unit>
		<Unit filename="thirdparty/SuiteSparse/UMFPACK/Source/umfpack_global.c">
			<Option compilerVar="CC" />
		</Unit>
		<Unit filename="thirdparty/SuiteSparse/UMFPACK/Source/umfpack_load_numeric.c">
			<Option compilerVar="CC" />
		</Unit>
		<Unit filename="thirdparty/SuiteSparse/UMFPACK/Source/umfpack_load_symbolic.c">
			<Option compilerVar="CC" />
		</Unit>
		<Unit filename="thirdparty/SuiteSparse/UMFPACK/Source/umfpack_numeric.c">
			<Option compilerVar="CC" />
		</Unit>
		<Unit filename="thirdparty/SuiteSparse/UMFPACK/Source/umfpack_qsymbolic.c">
			<Option compilerVar="CC" />
		</Unit>
		<Unit filename="thirdparty/SuiteSparse/UMFPACK/Source/umfpack_report_control.c">
			<Option compilerVar="CC" />
		</Unit>
		<Unit filename="thirdparty/SuiteSparse/UMFPACK/Source/umfpack_report_info.c">
			<Option compilerVar="CC" />
		</Unit>
		<Unit filename="thirdparty/SuiteSparse/UMFPACK/Source/umfpack_report_matrix.c">
			<Option compilerVar="CC" />
		</Unit>
		<Unit filename="thirdparty/SuiteSparse/UMFPACK/Source/umfpack_report_numeric.c">
			<Option compilerVar="CC" />
		</Unit>
		<Unit filename="thirdparty/SuiteSparse/UMFPACK/Source/umfpack_report_perm.c">
			<Option compilerVar="CC" />
		</Unit>
		<Unit filename="thirdparty/SuiteSparse/UMFPACK/Source/umfpack_report_status.c">
			<Option compilerVar="CC" />
		</Unit>
		<Unit filename="thirdparty/SuiteSparse/UMFPACK/Source/umfpack_report_symbolic.c">
			<Option compilerVar="CC" />
		</Unit>
		<Unit filename="thirdparty/SuiteSparse/UMFPACK/Source/umfpack_report_triplet.c">
			<Option compilerVar="CC" />
		</Unit>
		<Unit filename="thirdparty/SuiteSparse/UMFPACK/Source/umfpack_report_vector.c">
			<Option compilerVar="CC" />
		</Unit>
		<Unit filename="thirdparty/SuiteSparse/UMFPACK/Source/umfpack_save_numeric.c">
			<Option compilerVar="CC" />
		</Unit>
		<Unit filename="thirdparty/SuiteSparse/UMFPACK/Source/umfpack_save_symbolic.c">
			<Option compilerVar="CC" />
		</Unit>
		<Unit filename="thirdparty/SuiteSparse/UMFPACK/Source/umfpack_scale.c">
			<Option compilerVar="CC" />
		</Unit>
		<Unit filename="thirdparty/SuiteSparse/UMFPACK/Source/umfpack_solve.c">
			<Option compilerVar="CC" />
		</Unit>
		<Unit filename="thirdparty/SuiteSparse/UMFPACK/Source/umfpack_symbolic.c">
			<Option compilerVar="CC" />
		</Unit>
		<Unit filename="thirdparty/SuiteSparse/UMFPACK/Source/umfpack_tictoc.c">
			<Option compilerVar="CC" />
		</Unit>
		<Unit filename="thirdparty/SuiteSparse/UMFPACK/Source/umfpack_timer.c">
			<Option compilerVar="CC" />
		</Unit>
		<Unit filename="thirdparty/SuiteSparse/UMFPACK/Source/umfpack_transpose.c">
			<Option compilerVar="CC" />
		</Unit>
		<Unit filename="thirdparty/SuiteSparse/UMFPACK/Source/umfpack_triplet_to_col.c">
			<Option compilerVar="CC" />
		</Unit>
		<Unit filename="thirdparty/SuiteSparse/metis-5.1.0/GKlib/GKlib.h" />
		<Unit filename="thirdparty/SuiteSparse/metis-5.1.0/GKlib/b64.c">
			<Option compilerVar="CC" />
		</Unit>
		<Unit filename="thirdparty/SuiteSparse/metis-5.1.0/GKlib/blas.c">
			<Option compilerVar="CC" />
		</Unit>
		<Unit filename="thirdparty/SuiteSparse/metis-5.1.0/GKlib/csr.c">
			<Option compilerVar="CC" />
		</Unit>
		<Unit filename="thirdparty/SuiteSparse/metis-5.1.0/GKlib/error.c">
			<Option compilerVar="CC" />
		</Unit>
		<Unit filename="thirdparty/SuiteSparse/metis-5.1.0/GKlib/evaluate.c">
			<Option compilerVar="CC" />
		</Unit>
		<Unit filename="thirdparty/SuiteSparse/metis-5.1.0/GKlib/fkvkselect.c">
			<Option compilerVar="CC" />
		</Unit>
		<Unit filename="thirdparty/SuiteSparse/metis-5.1.0/GKlib/fs.c">
			<Option compilerVar="CC" />
		</Unit>
		<Unit filename="thirdparty/SuiteSparse/metis-5.1.0/GKlib/getopt.c">
			<Option compilerVar="CC" />
		</Unit>
		<Unit filename="thirdparty/SuiteSparse/metis-5.1.0/GKlib/gk_arch.h" />
		<Unit filename="thirdparty/SuiteSparse/metis-5.1.0/GKlib/gk_defs.h" />
		<Unit filename="thirdparty/SuiteSparse/metis-5.1.0/GKlib/gk_externs.h" />
		<Unit filename="thirdparty/SuiteSparse/metis-5.1.0/GKlib/gk_getopt.h" />
		<Unit filename="thirdparty/SuiteSparse/metis-5.1.0/GKlib/gk_macros.h" />
		<Unit filename="thirdparty/SuiteSparse/metis-5.1.0/GKlib/gk_mkblas.h" />
		<Unit filename="thirdparty/SuiteSparse/metis-5.1.0/GKlib/gk_mkmemory.h" />
		<Unit filename="thirdparty/SuiteSparse/metis-5.1.0/GKlib/gk_mkpqueue.h" />
		<Unit filename="thirdparty/SuiteSparse/metis-5.1.0/GKlib/gk_mkpqueue2.h" />
		<Unit filename="thirdparty/SuiteSparse/metis-5.1.0/GKlib/gk_mkrandom.h" />
		<Unit filename="thirdparty/SuiteSparse/metis-5.1.0/GKlib/gk_mksort.h" />
		<Unit filename="thirdparty/SuiteSparse/metis-5.1.0/GKlib/gk_mkutils.h" />
		<Unit filename="thirdparty/SuiteSparse/metis-5.1.0/GKlib/gk_proto.h" />
		<Unit filename="thirdparty/SuiteSparse/metis-5.1.0/GKlib/gk_struct.h" />
		<Unit filename="thirdparty/SuiteSparse/metis-5.1.0/GKlib/gk_types.h" />
		<Unit filename="thirdparty/SuiteSparse/metis-5.1.0/GKlib/gkregex.c">
			<Option compilerVar="CC" />
		</Unit>
		<Unit filename="thirdparty/SuiteSparse/metis-5.1.0/GKlib/gkregex.h" />
		<Unit filename="thirdparty/SuiteSparse/metis-5.1.0/GKlib/graph.c">
			<Option compilerVar="CC" />
		</Unit>
		<Unit filename="thirdparty/SuiteSparse/metis-5.1.0/GKlib/htable.c">
			<Option compilerVar="CC" />
		</Unit>
		<Unit filename="thirdparty/SuiteSparse/metis-5.1.0/GKlib/io.c">
			<Option compilerVar="CC" />
		</Unit>
		<Unit filename="thirdparty/SuiteSparse/metis-5.1.0/GKlib/itemsets.c">
			<Option compilerVar="CC" />
		</Unit>
		<Unit filename="thirdparty/SuiteSparse/metis-5.1.0/GKlib/mcore.c">
			<Option compilerVar="CC" />
		</Unit>
		<Unit filename="thirdparty/SuiteSparse/metis-5.1.0/GKlib/memory.c">
			<Option compilerVar="CC" />
		</Unit>
		<Unit filename="thirdparty/SuiteSparse/metis-5.1.0/GKlib/ms_inttypes.h" />
		<Unit filename="thirdparty/SuiteSparse/metis-5.1.0/GKlib/ms_stat.h" />
		<Unit filename="thirdparty/SuiteSparse/metis-5.1.0/GKlib/ms_stdint.h" />
		<Unit filename="thirdparty/SuiteSparse/metis-5.1.0/GKlib/omp.c">
			<Option compilerVar="CC" />
		</Unit>
		<Unit filename="thirdparty/SuiteSparse/metis-5.1.0/GKlib/pdb.c">
			<Option compilerVar="CC" />
		</Unit>
		<Unit filename="thirdparty/SuiteSparse/metis-5.1.0/GKlib/pqueue.c">
			<Option compilerVar="CC" />
		</Unit>
		<Unit filename="thirdparty/SuiteSparse/metis-5.1.0/GKlib/random.c">
			<Option compilerVar="CC" />
		</Unit>
		<Unit filename="thirdparty/SuiteSparse/metis-5.1.0/GKlib/rw.c">
			<Option compilerVar="CC" />
		</Unit>
		<Unit filename="thirdparty/SuiteSparse/metis-5.1.0/GKlib/seq.c">
			<Option compilerVar="CC" />
		</Unit>
		<Unit filename="thirdparty/SuiteSparse/metis-5.1.0/GKlib/sort.c">
			<Option compilerVar="CC" />
		</Unit>
		<Unit filename="thirdparty/SuiteSparse/metis-5.1.0/GKlib/string.c">
			<Option compilerVar="CC" />
		</Unit>
		<Unit filename="thirdparty/SuiteSparse/metis-5.1.0/GKlib/timers.c">
			<Option compilerVar="CC" />
		</Unit>
		<Unit filename="thirdparty/SuiteSparse/metis-5.1.0/GKlib/tokenizer.c">
			<Option compilerVar="CC" />
		</Unit>
		<Unit filename="thirdparty/SuiteSparse/metis-5.1.0/GKlib/util.c">
			<Option compilerVar="CC" />
		</Unit>
		<Unit filename="thirdparty/SuiteSparse/metis-5.1.0/include/metis.h" />
		<Unit filename="thirdparty/SuiteSparse/metis-5.1.0/libmetis/auxapi.c">
			<Option compilerVar="CC" />
		</Unit>
		<Unit filename="thirdparty/SuiteSparse/metis-5.1.0/libmetis/balance.c">
			<Option compilerVar="CC" />
		</Unit>
		<Unit filename="thirdparty/SuiteSparse/metis-5.1.0/libmetis/bucketsort.c">
			<Option compilerVar="CC" />
		</Unit>
		<Unit filename="thirdparty/SuiteSparse/metis-5.1.0/libmetis/checkgraph.c">
			<Option compilerVar="CC" />
		</Unit>
		<Unit filename="thirdparty/SuiteSparse/metis-5.1.0/libmetis/coarsen.c">
			<Option compilerVar="CC" />
		</Unit>
		<Unit filename="thirdparty/SuiteSparse/metis-5.1.0/libmetis/compress.c">
			<Option compilerVar="CC" />
		</Unit>
		<Unit filename="thirdparty/SuiteSparse/metis-5.1.0/libmetis/contig.c">
			<Option compilerVar="CC" />
		</Unit>
		<Unit filename="thirdparty/SuiteSparse/metis-5.1.0/libmetis/debug.c">
			<Option compilerVar="CC" />
		</Unit>
		<Unit filename="thirdparty/SuiteSparse/metis-5.1.0/libmetis/defs.h" />
		<Unit filename="thirdparty/SuiteSparse/metis-5.1.0/libmetis/fm.c">
			<Option compilerVar="CC" />
		</Unit>
		<Unit filename="thirdparty/SuiteSparse/metis-5.1.0/libmetis/fortran.c">
			<Option compilerVar="CC" />
		</Unit>
		<Unit filename="thirdparty/SuiteSparse/metis-5.1.0/libmetis/frename.c">
			<Option compilerVar="CC" />
		</Unit>
		<Unit filename="thirdparty/SuiteSparse/metis-5.1.0/libmetis/gklib.c">
			<Option compilerVar="CC" />
		</Unit>
		<Unit filename="thirdparty/SuiteSparse/metis-5.1.0/libmetis/gklib_defs.h" />
		<Unit filename="thirdparty/SuiteSparse/metis-5.1.0/libmetis/gklib_rename.h" />
		<Unit filename="thirdparty/SuiteSparse/metis-5.1.0/libmetis/graph.c">
			<Option compilerVar="CC" />
		</Unit>
		<Unit filename="thirdparty/SuiteSparse/metis-5.1.0/libmetis/initpart.c">
			<Option compilerVar="CC" />
		</Unit>
		<Unit filename="thirdparty/SuiteSparse/metis-5.1.0/libmetis/kmetis.c">
			<Option compilerVar="CC" />
		</Unit>
		<Unit filename="thirdparty/SuiteSparse/metis-5.1.0/libmetis/kwayfm.c">
			<Option compilerVar="CC" />
		</Unit>
		<Unit filename="thirdparty/SuiteSparse/metis-5.1.0/libmetis/kwayrefine.c">
			<Option compilerVar="CC" />
		</Unit>
		<Unit filename="thirdparty/SuiteSparse/metis-5.1.0/libmetis/macros.h" />
		<Unit filename="thirdparty/SuiteSparse/metis-5.1.0/libmetis/mcutil.c">
			<Option compilerVar="CC" />
		</Unit>
		<Unit filename="thirdparty/SuiteSparse/metis-5.1.0/libmetis/mesh.c">
			<Option compilerVar="CC" />
		</Unit>
		<Unit filename="thirdparty/SuiteSparse/metis-5.1.0/libmetis/meshpart.c">
			<Option compilerVar="CC" />
		</Unit>
		<Unit filename="thirdparty/SuiteSparse/metis-5.1.0/libmetis/metislib.h" />
		<Unit filename="thirdparty/SuiteSparse/metis-5.1.0/libmetis/minconn.c">
			<Option compilerVar="CC" />
		</Unit>
		<Unit filename="thirdparty/SuiteSparse/metis-5.1.0/libmetis/mincover.c">
			<Option compilerVar="CC" />
		</Unit>
		<Unit filename="thirdparty/SuiteSparse/metis-5.1.0/libmetis/mmd.c">
			<Option compilerVar="CC" />
		</Unit>
		<Unit filename="thirdparty/SuiteSparse/metis-5.1.0/libmetis/ometis.c">
			<Option compilerVar="CC" />
		</Unit>
		<Unit filename="thirdparty/SuiteSparse/metis-5.1.0/libmetis/options.c">
			<Option compilerVar="CC" />
		</Unit>
		<Unit filename="thirdparty/SuiteSparse/metis-5.1.0/libmetis/parmetis.c">
			<Option compilerVar="CC" />
		</Unit>
		<Unit filename="thirdparty/SuiteSparse/metis-5.1.0/libmetis/pmetis.c">
			<Option compilerVar="CC" />
		</Unit>
		<Unit filename="thirdparty/SuiteSparse/metis-5.1.0/libmetis/proto.h" />
		<Unit filename="thirdparty/SuiteSparse/metis-5.1.0/libmetis/refine.c">
			<Option compilerVar="CC" />
		</Unit>
		<Unit filename="thirdparty/SuiteSparse/metis-5.1.0/libmetis/rename.h" />
		<Unit filename="thirdparty/SuiteSparse/metis-5.1.0/libmetis/separator.c">
			<Option compilerVar="CC" />
		</Unit>
		<Unit filename="thirdparty/SuiteSparse/metis-5.1.0/libmetis/sfm.c">
			<Option compilerVar="CC" />
		</Unit>
		<Unit filename="thirdparty/SuiteSparse/metis-5.1.0/libmetis/srefine.c">
			<Option compilerVar="CC" />
		</Unit>
		<Unit filename="thirdparty/SuiteSparse/metis-5.1.0/libmetis/stat.c">
			<Option compilerVar="CC" />
		</Unit>
		<Unit filename="thirdparty/SuiteSparse/metis-5.1.0/libmetis/stdheaders.h" />
		<Unit filename="thirdparty/SuiteSparse/metis-5.1.0/libmetis/struct.h" />
		<Unit filename="thirdparty/SuiteSparse/metis-5.1.0/libmetis/timing.c">
			<Option compilerVar="CC" />
		</Unit>
		<Unit filename="thirdparty/SuiteSparse/metis-5.1.0/libmetis/util.c">
			<Option compilerVar="CC" />
		</Unit>
		<Unit filename="thirdparty/SuiteSparse/metis-5.1.0/libmetis/wspace.c">
			<Option compilerVar="CC" />
		</Unit>
		<Unit filename="thirdparty/SuiteSparse/metis-5.1.0/programs/defs.h" />
		<Unit filename="thirdparty/SuiteSparse/metis-5.1.0/programs/metisbin.h" />
		<Unit filename="thirdparty/SuiteSparse/metis-5.1.0/programs/proto.h" />
		<Unit filename="thirdparty/SuiteSparse/metis-5.1.0/programs/struct.h" />
		<Extensions>
			<envvars />
			<code_completion />
			<debugger />
			<lib_finder disable_auto="1" />
		</Extensions>
	</Project>
</CodeBlocks_project_file>
