<?xml version="1.0" encoding="UTF-8" standalone="yes" ?>
<CodeBlocks_project_file>
	<FileVersion major="1" minor="6" />
	<Project>
		<Option title="libSTEPS" />
		<Option makefile="makefile" />
		<Option pch_mode="2" />
		<Option compiler="gcc" />
		<Build>
			<Target title="release">
				<Option output="../../build/bin/release/STEPS" prefix_auto="1" extension_auto="1" />
				<Option object_output="../../build/obj/release/" />
				<Option type="1" />
				<Option compiler="gcc" />
				<Option use_console_runner="0" />
				<Option parameters="--compiler " />
				<Compiler>
					<Add option="-O3" />
					<Add option="-Wall" />
					<Add option="-std=c++14" />
					<Add option="-fPIC" />
					<Add option="-march=native" />
					<Add option="-funroll-loops" />
					<Add option="-malign-double" />
					<Add option="-minline-all-stringops" />
					<Add option="-fopenmp" />
					<Add option="-ffast-math" />
					<Add directory="../../code" />
					<Add directory="../steps" />
					<Add directory="../thirdparty/SuiteSparse/UMFPACK/Include" />
					<Add directory="../thirdparty/SuiteSparse/CSparse/Include" />
					<Add directory="../thirdparty/cpptest" />
					<Add directory="../thirdparty/SuiteSparse/SuiteSparse_config" />
					<Add directory="../thirdparty/SuiteSparse/AMD/Include" />
					<Add directory="../thirdparty/SuiteSparse/COLAMD/Include" />
					<Add directory="../thirdparty/SuiteSparse/KLU/Include" />
					<Add directory="../thirdparty/SuiteSparse/BTF/Include" />
					<Add directory="../thirdparty/SuiteSparse/CXSparse/Include" />
				</Compiler>
				<Linker>
					<Add option="-static-libstdc++" />
					<Add option="-static-libgcc" />
					<Add option="-fopenmp" />
					<Add option="-march=native" />
					<Add library="../../build/bin/release/libCSparse.a" />
					<Add library="../../build/bin/release/libCpptest.a" />
					<Add library="../../build/bin/release/libCXSparse.a" />
				</Linker>
			</Target>
		</Build>
		<Unit filename="header/STEPS.h" />
		<Unit filename="header/apis/steps_api.h" />
		<Unit filename="header/apis/steps_api_common.h" />
		<Unit filename="header/apis/steps_api_search_buffer.h" />
		<Unit filename="header/basic/area.h" />
		<Unit filename="header/basic/area_test.h" />
		<Unit filename="header/basic/base.h" />
		<Unit filename="header/basic/bus_index.h" />
		<Unit filename="header/basic/bus_index_test.h" />
		<Unit filename="header/basic/complex.h" />
		<Unit filename="header/basic/complex_sparse_matrix.h" />
		<Unit filename="header/basic/complex_sparse_matrix_csparse.h" />
		<Unit filename="header/basic/complex_sparse_matrix_test.h" />
		<Unit filename="header/basic/constants.h" />
		<Unit filename="header/basic/constants_test.h" />
		<Unit filename="header/basic/continuous_buffer.h" />
		<Unit filename="header/basic/continuous_buffer_test.h" />
		<Unit filename="header/basic/dc_device_id.h" />
		<Unit filename="header/basic/device_id.h" />
		<Unit filename="header/basic/device_id_test.h" />
		<Unit filename="header/basic/device_index_map.h" />
		<Unit filename="header/basic/device_index_map_test.h" />
		<Unit filename="header/basic/exception.h" />
		<Unit filename="header/basic/fault.h" />
		<Unit filename="header/basic/fault_test.h" />
		<Unit filename="header/basic/inphno.h" />
		<Unit filename="header/basic/inphno_test.h" />
		<Unit filename="header/basic/owner.h" />
		<Unit filename="header/basic/owner_test.h" />
		<Unit filename="header/basic/ownership.h" />
		<Unit filename="header/basic/ownership_test.h" />
		<Unit filename="header/basic/power_mismatch_struct.h" />
		<Unit filename="header/basic/rating.h" />
		<Unit filename="header/basic/rating_test.h" />
		<Unit filename="header/basic/sparse_matrix.h" />
		<Unit filename="header/basic/sparse_matrix_csparse.h" />
		<Unit filename="header/basic/sparse_matrix_define.h" />
		<Unit filename="header/basic/sparse_matrix_klu.h" />
		<Unit filename="header/basic/sparse_matrix_test.h" />
		<Unit filename="header/basic/sparse_matrix_umfpack.h" />
		<Unit filename="header/basic/steps_define.h" />
		<Unit filename="header/basic/steps_enum.h" />
		<Unit filename="header/basic/string_int_map.h" />
		<Unit filename="header/basic/string_int_map_test.h" />
		<Unit filename="header/basic/terminal.h" />
		<Unit filename="header/basic/terminal_test.h" />
		<Unit filename="header/basic/test_macro.h" />
		<Unit filename="header/basic/time_series.h" />
		<Unit filename="header/basic/time_series_test.h" />
		<Unit filename="header/basic/timer.h" />
		<Unit filename="header/basic/timer_test.h" />
		<Unit filename="header/basic/utility.h" />
		<Unit filename="header/basic/utility_test.h" />
		<Unit filename="header/basic/zone.h" />
		<Unit filename="header/basic/zone_test.h" />
		<Unit filename="header/block/block.h" />
		<Unit filename="header/block/differential_block.h" />
		<Unit filename="header/block/differential_block_test.h" />
		<Unit filename="header/block/first_order_block.h" />
		<Unit filename="header/block/first_order_block_test.h" />
		<Unit filename="header/block/integral_block.h" />
		<Unit filename="header/block/integral_block_test.h" />
		<Unit filename="header/block/lead_lag_block.h" />
		<Unit filename="header/block/lead_lag_block_test.h" />
		<Unit filename="header/block/pd_block.h" />
		<Unit filename="header/block/pd_block_test.h" />
		<Unit filename="header/block/pi_block.h" />
		<Unit filename="header/block/pi_block_test.h" />
		<Unit filename="header/block/pid_block.h" />
		<Unit filename="header/block/pid_block_test.h" />
		<Unit filename="header/block/proportional_block.h" />
		<Unit filename="header/block/proportional_block_test.h" />
		<Unit filename="header/block/saturation_block.h" />
		<Unit filename="header/block/saturation_block_test.h" />
		<Unit filename="header/block/second_order_block.h" />
		<Unit filename="header/block/second_order_block_test.h" />
		<Unit filename="header/data_imexporter/bpa_imexporter.h" />
		<Unit filename="header/data_imexporter/bpa_imexporter_test.h" />
		<Unit filename="header/data_imexporter/data_imexporter.h" />
		<Unit filename="header/data_imexporter/equivalent_model_imexporter.h" />
		<Unit filename="header/data_imexporter/equivalent_model_imexporter_test.h" />
		<Unit filename="header/data_imexporter/psse_imexporter.h" />
		<Unit filename="header/data_imexporter/psse_imexporter_test.h" />
		<Unit filename="header/data_imexporter/steps_imexporter.h" />
		<Unit filename="header/data_imexporter/steps_imexporter_test.h" />
		<Unit filename="header/device/bus.h" />
		<Unit filename="header/device/bus_test.h" />
		<Unit filename="header/device/converter.h" />
		<Unit filename="header/device/converter_station.h" />
		<Unit filename="header/device/converter_station_test.h" />
		<Unit filename="header/device/converter_test.h" />
		<Unit filename="header/device/device.h" />
		<Unit filename="header/device/energy_storage.h" />
		<Unit filename="header/device/engergy_storage_test.h" />
		<Unit filename="header/device/equivalent_device.h" />
		<Unit filename="header/device/equivalent_device_test.h" />
		<Unit filename="header/device/fixed_shunt.h" />
		<Unit filename="header/device/fixed_shunt_test.h" />
		<Unit filename="header/device/generator.h" />
		<Unit filename="header/device/generator_test.h" />
		<Unit filename="header/device/hvdc.h" />
		<Unit filename="header/device/hvdc_test.h" />
		<Unit filename="header/device/lcc.h" />
		<Unit filename="header/device/lcc_hvdc.h" />
		<Unit filename="header/device/lcc_station.h" />
		<Unit filename="header/device/lcc_station_test.h" />
		<Unit filename="header/device/lcc_test.h" />
		<Unit filename="header/device/line.h" />
		<Unit filename="header/device/line_test.h" />
		<Unit filename="header/device/load.h" />
		<Unit filename="header/device/load_test.h" />
		<Unit filename="header/device/nonbus_device.h" />
		<Unit filename="header/device/pv_unit.h" />
		<Unit filename="header/device/pv_unit_test.h" />
		<Unit filename="header/device/source.h" />
		<Unit filename="header/device/source_test.h" />
		<Unit filename="header/device/transformer.h" />
		<Unit filename="header/device/transformer_test.h" />
		<Unit filename="header/device/vsc.h" />
		<Unit filename="header/device/vsc_hvdc.h" />
		<Unit filename="header/device/vsc_hvdc_test.h" />
		<Unit filename="header/device/vsc_hvdc_var.h" />
		<Unit filename="header/device/wt_generator.h" />
		<Unit filename="header/device/wt_generator_test.h" />
		<Unit filename="header/dynamic_model_database.h" />
		<Unit filename="header/meter/meter.h" />
		<Unit filename="header/meter/meter_setter.h" />
		<Unit filename="header/meter/meter_setter_test.h" />
		<Unit filename="header/meter/meter_test.h" />
		<Unit filename="header/model/all_supported_models.h" />
		<Unit filename="header/model/auxiliary_signal_model/auxiliary_signal_model.h" />
		<Unit filename="header/model/auxiliary_signal_model/auxiliary_signal_model_test.h" />
		<Unit filename="header/model/auxiliary_signal_model/auxiliary_signal_models.h" />
		<Unit filename="header/model/bus_frequency_model/bus_frequency_model.h" />
		<Unit filename="header/model/energy_storage_model/energy_storage_model.h" />
		<Unit filename="header/model/energy_storage_model/energy_storage_model_test.h" />
		<Unit filename="header/model/energy_storage_model/energy_storage_models.h" />
		<Unit filename="header/model/energy_storage_model/estr0.h" />
		<Unit filename="header/model/energy_storage_model/estr0_test.h" />
		<Unit filename="header/model/equivalent_model/ARXL.h" />
		<Unit filename="header/model/equivalent_model/equivalent_model.h" />
		<Unit filename="header/model/equivalent_model/equivalent_models.h" />
		<Unit filename="header/model/hvdc_model/CDC4T.h" />
		<Unit filename="header/model/hvdc_model/CDC4T_test.h" />
		<Unit filename="header/model/hvdc_model/CDC6T.h" />
		<Unit filename="header/model/hvdc_model/CDC6T_test.h" />
		<Unit filename="header/model/hvdc_model/hvdc_model.h" />
		<Unit filename="header/model/hvdc_model/hvdc_model_test.h" />
		<Unit filename="header/model/hvdc_model/hvdc_models.h" />
		<Unit filename="header/model/hvdc_model/vdcol.h" />
		<Unit filename="header/model/hvdc_model/vdcol_test.h" />
		<Unit filename="header/model/load_model/CIM6.h" />
		<Unit filename="header/model/load_model/CIM6_test.h" />
		<Unit filename="header/model/load_model/IEEL.h" />
		<Unit filename="header/model/load_model/IEEL_test.h" />
		<Unit filename="header/model/load_model/MOTOR.h" />
		<Unit filename="header/model/load_model/load_model.h" />
		<Unit filename="header/model/load_model/load_model_test.h" />
		<Unit filename="header/model/load_model/load_models.h" />
		<Unit filename="header/model/load_relay_model/PUFLS.h" />
		<Unit filename="header/model/load_relay_model/PUFLS_test.h" />
		<Unit filename="header/model/load_relay_model/UFLS.h" />
		<Unit filename="header/model/load_relay_model/UFLS_test.h" />
		<Unit filename="header/model/load_relay_model/UVLS.h" />
		<Unit filename="header/model/load_relay_model/UVLS_test.h" />
		<Unit filename="header/model/load_relay_model/load_frequency_relay_model.h" />
		<Unit filename="header/model/load_relay_model/load_frequency_relay_model_test.h" />
		<Unit filename="header/model/load_relay_model/load_frequency_relay_models.h" />
		<Unit filename="header/model/load_relay_model/load_relay_model.h" />
		<Unit filename="header/model/load_relay_model/load_relay_model_test.h" />
		<Unit filename="header/model/load_relay_model/load_voltage_relay_model.h" />
		<Unit filename="header/model/load_relay_model/load_voltage_relay_model_test.h" />
		<Unit filename="header/model/load_relay_model/load_voltage_relay_models.h" />
		<Unit filename="header/model/model.h" />
		<Unit filename="header/model/model_test.h" />
		<Unit filename="header/model/model_var_table.h" />
		<Unit filename="header/model/model_var_table_test.h" />
		<Unit filename="header/model/pvu_models/pv_converter_model/pv_converter_model.h" />
		<Unit filename="header/model/pvu_models/pv_converter_model/pv_converter_model_test.h" />
		<Unit filename="header/model/pvu_models/pv_converter_model/pv_converter_models.h" />
		<Unit filename="header/model/pvu_models/pv_converter_model/pvcv0.h" />
		<Unit filename="header/model/pvu_models/pv_converter_model/pvcv0_test.h" />
		<Unit filename="header/model/pvu_models/pv_converter_model/pvgu1.h" />
		<Unit filename="header/model/pvu_models/pv_converter_model/pvgu1_test.h" />
		<Unit filename="header/model/pvu_models/pv_electrical_model/pv_electrical_model.h" />
		<Unit filename="header/model/pvu_models/pv_electrical_model/pv_electrical_model_test.h" />
		<Unit filename="header/model/pvu_models/pv_electrical_model/pv_electrical_models.h" />
		<Unit filename="header/model/pvu_models/pv_irradiance_model/fileirrd.h" />
		<Unit filename="header/model/pvu_models/pv_irradiance_model/fileirrd_test.h" />
		<Unit filename="header/model/pvu_models/pv_irradiance_model/pv_irradiance_model.h" />
		<Unit filename="header/model/pvu_models/pv_irradiance_model/pv_irradiance_model_test.h" />
		<Unit filename="header/model/pvu_models/pv_irradiance_model/pv_irradiance_models.h" />
		<Unit filename="header/model/pvu_models/pv_panel_model/pv_panel_model.h" />
		<Unit filename="header/model/pvu_models/pv_panel_model/pv_panel_model_test.h" />
		<Unit filename="header/model/pvu_models/pv_panel_model/pv_panel_models.h" />
		<Unit filename="header/model/pvu_models/pv_panel_model/pvp0.h" />
		<Unit filename="header/model/pvu_models/pv_panel_model/pvp0_test.h" />
		<Unit filename="header/model/pvu_models/pvu_model.h" />
		<Unit filename="header/model/pvu_models/pvu_model_test.h" />
		<Unit filename="header/model/sg_models/compensator_model/COMP.h" />
		<Unit filename="header/model/sg_models/compensator_model/COMP_test.h" />
		<Unit filename="header/model/sg_models/compensator_model/IEEEVC.h" />
		<Unit filename="header/model/sg_models/compensator_model/IEEEVC_test.h" />
		<Unit filename="header/model/sg_models/compensator_model/PSASPVC.h" />
		<Unit filename="header/model/sg_models/compensator_model/PSASPVC_test.h" />
		<Unit filename="header/model/sg_models/compensator_model/compensator_model.h" />
		<Unit filename="header/model/sg_models/compensator_model/compensator_model_test.h" />
		<Unit filename="header/model/sg_models/compensator_model/compensator_models.h" />
		<Unit filename="header/model/sg_models/exciter_model/CSEET1.h" />
		<Unit filename="header/model/sg_models/exciter_model/CSEET1_test.h" />
		<Unit filename="header/model/sg_models/exciter_model/CSEET2.h" />
		<Unit filename="header/model/sg_models/exciter_model/CSEET2_test.h" />
		<Unit filename="header/model/sg_models/exciter_model/IEEET1.h" />
		<Unit filename="header/model/sg_models/exciter_model/IEEET1_test.h" />
		<Unit filename="header/model/sg_models/exciter_model/PSASPE1.h" />
		<Unit filename="header/model/sg_models/exciter_model/PSASPE13.h" />
		<Unit filename="header/model/sg_models/exciter_model/PSASPE13_test.h" />
		<Unit filename="header/model/sg_models/exciter_model/PSASPE14.h" />
		<Unit filename="header/model/sg_models/exciter_model/PSASPE14_test.h" />
		<Unit filename="header/model/sg_models/exciter_model/PSASPE1_test.h" />
		<Unit filename="header/model/sg_models/exciter_model/PSASPE2.h" />
		<Unit filename="header/model/sg_models/exciter_model/PSASPE2_test.h" />
		<Unit filename="header/model/sg_models/exciter_model/SEXS.h" />
		<Unit filename="header/model/sg_models/exciter_model/SEXS_test.h" />
		<Unit filename="header/model/sg_models/exciter_model/exciter_model.h" />
		<Unit filename="header/model/sg_models/exciter_model/exciter_model_test.h" />
		<Unit filename="header/model/sg_models/exciter_model/exciter_models.h" />
		<Unit filename="header/model/sg_models/sg_model.h" />
		<Unit filename="header/model/sg_models/sg_model_test.h" />
		<Unit filename="header/model/sg_models/stabilizer_model/IEE2ST.h" />
		<Unit filename="header/model/sg_models/stabilizer_model/IEE2ST_test.h" />
		<Unit filename="header/model/sg_models/stabilizer_model/PSASPS1.h" />
		<Unit filename="header/model/sg_models/stabilizer_model/PSASPS1_test.h" />
		<Unit filename="header/model/sg_models/stabilizer_model/PSASPS2.h" />
		<Unit filename="header/model/sg_models/stabilizer_model/PSASPS2_test.h" />
		<Unit filename="header/model/sg_models/stabilizer_model/PSASPS3.h" />
		<Unit filename="header/model/sg_models/stabilizer_model/PSASPS3_test.h" />
		<Unit filename="header/model/sg_models/stabilizer_model/PSASPS4.h" />
		<Unit filename="header/model/sg_models/stabilizer_model/PSASPS4_test.h" />
		<Unit filename="header/model/sg_models/stabilizer_model/PSASPS5.h" />
		<Unit filename="header/model/sg_models/stabilizer_model/PSASPS5_test.h" />
		<Unit filename="header/model/sg_models/stabilizer_model/PSASPS6.h" />
		<Unit filename="header/model/sg_models/stabilizer_model/PSASPS6_test.h" />
		<Unit filename="header/model/sg_models/stabilizer_model/PSASPS8.h" />
		<Unit filename="header/model/sg_models/stabilizer_model/PSASPS8_test.h" />
		<Unit filename="header/model/sg_models/stabilizer_model/stabilizer_model.h" />
		<Unit filename="header/model/sg_models/stabilizer_model/stabilizer_model_test.h" />
		<Unit filename="header/model/sg_models/stabilizer_model/stabilizer_models.h" />
		<Unit filename="header/model/sg_models/sync_generator_model/gencls.h" />
		<Unit filename="header/model/sg_models/sync_generator_model/gencls_test.h" />
		<Unit filename="header/model/sg_models/sync_generator_model/genrou.h" />
		<Unit filename="header/model/sg_models/sync_generator_model/genrou_test.h" />
		<Unit filename="header/model/sg_models/sync_generator_model/gensal.h" />
		<Unit filename="header/model/sg_models/sync_generator_model/gensal_test.h" />
		<Unit filename="header/model/sg_models/sync_generator_model/sync_generator_model.h" />
		<Unit filename="header/model/sg_models/sync_generator_model/sync_generator_model_test.h" />
		<Unit filename="header/model/sg_models/sync_generator_model/sync_generator_models.h" />
		<Unit filename="header/model/sg_models/turbine_governor_model/GAST2A.h" />
		<Unit filename="header/model/sg_models/turbine_governor_model/GAST2A_test.h" />
		<Unit filename="header/model/sg_models/turbine_governor_model/IEEEG1.h" />
		<Unit filename="header/model/sg_models/turbine_governor_model/IEEEG1SB.h" />
		<Unit filename="header/model/sg_models/turbine_governor_model/IEEEG1SB_test.h" />
		<Unit filename="header/model/sg_models/turbine_governor_model/IEEEG1_test.h" />
		<Unit filename="header/model/sg_models/turbine_governor_model/IEEEG2.h" />
		<Unit filename="header/model/sg_models/turbine_governor_model/IEEEG2_test.h" />
		<Unit filename="header/model/sg_models/turbine_governor_model/IEEEG3.h" />
		<Unit filename="header/model/sg_models/turbine_governor_model/IEEEG3_test.h" />
		<Unit filename="header/model/sg_models/turbine_governor_model/IEESGO.h" />
		<Unit filename="header/model/sg_models/turbine_governor_model/IEESGO_test.h" />
		<Unit filename="header/model/sg_models/turbine_governor_model/TGOV1.h" />
		<Unit filename="header/model/sg_models/turbine_governor_model/TGOV1_test.h" />
		<Unit filename="header/model/sg_models/turbine_governor_model/URCSCT.h" />
		<Unit filename="header/model/sg_models/turbine_governor_model/URCSCT_test.h" />
		<Unit filename="header/model/sg_models/turbine_governor_model/turbine_governor_model.h" />
		<Unit filename="header/model/sg_models/turbine_governor_model/turbine_governor_model_test.h" />
		<Unit filename="header/model/sg_models/turbine_governor_model/turbine_governor_models.h" />
		<Unit filename="header/model/sg_models/turbine_load_controller_model/lcfb1.h" />
		<Unit filename="header/model/sg_models/turbine_load_controller_model/lcfb1_test.h" />
		<Unit filename="header/model/sg_models/turbine_load_controller_model/turbine_load_controller_model.h" />
		<Unit filename="header/model/sg_models/turbine_load_controller_model/turbine_load_controller_model_test.h" />
		<Unit filename="header/model/sg_models/turbine_load_controller_model/turbine_load_controller_models.h" />
		<Unit filename="header/model/vsc_hvdc_model/vsc_hvdc_converter_model/VSCHVDCC0.h" />
		<Unit filename="header/model/vsc_hvdc_model/vsc_hvdc_converter_model/vsc_hvdc_converter_model.h" />
		<Unit filename="header/model/vsc_hvdc_model/vsc_hvdc_converter_model/vsc_hvdc_converter_models.h" />
		<Unit filename="header/model/vsc_hvdc_model/vsc_hvdc_model.h" />
		<Unit filename="header/model/vsc_hvdc_model/vsc_hvdc_model_test.h" />
		<Unit filename="header/model/vsc_hvdc_model/vsc_hvdc_network_model/VSCHVDC1.h" />
		<Unit filename="header/model/vsc_hvdc_model/vsc_hvdc_network_model/VSCHVDC1_test.h" />
		<Unit filename="header/model/vsc_hvdc_model/vsc_hvdc_network_model/VSCHVDCP0.h" />
		<Unit filename="header/model/vsc_hvdc_model/vsc_hvdc_network_model/vsc_hvdc_network_model.h" />
		<Unit filename="header/model/vsc_hvdc_model/vsc_hvdc_network_model/vsc_hvdc_network_models.h" />
		<Unit filename="header/model/wtg_models/wind_speed_model/filewind.h" />
		<Unit filename="header/model/wtg_models/wind_speed_model/filewind_test.h" />
		<Unit filename="header/model/wtg_models/wind_speed_model/wind_speed_model.h" />
		<Unit filename="header/model/wtg_models/wind_speed_model/wind_speed_model_test.h" />
		<Unit filename="header/model/wtg_models/wind_speed_model/wind_speed_models.h" />
		<Unit filename="header/model/wtg_models/wt_aerodynamic_model/aerd0.h" />
		<Unit filename="header/model/wtg_models/wt_aerodynamic_model/aerd0_test.h" />
		<Unit filename="header/model/wtg_models/wt_aerodynamic_model/aerdf.h" />
		<Unit filename="header/model/wtg_models/wt_aerodynamic_model/wt_aerodynamic_model.h" />
		<Unit filename="header/model/wtg_models/wt_aerodynamic_model/wt_aerodynamic_model_test.h" />
		<Unit filename="header/model/wtg_models/wt_aerodynamic_model/wt_aerodynamic_models.h" />
		<Unit filename="header/model/wtg_models/wt_electrical_model/wind_turbine_power_speed_lookup_table.h" />
		<Unit filename="header/model/wtg_models/wt_electrical_model/wt3e0.h" />
		<Unit filename="header/model/wtg_models/wt_electrical_model/wt3e0_test.h" />
		<Unit filename="header/model/wtg_models/wt_electrical_model/wt3e1.h" />
		<Unit filename="header/model/wtg_models/wt_electrical_model/wt3e1_test.h" />
		<Unit filename="header/model/wtg_models/wt_electrical_model/wt_electrical_model.h" />
		<Unit filename="header/model/wtg_models/wt_electrical_model/wt_electrical_model_test.h" />
		<Unit filename="header/model/wtg_models/wt_electrical_model/wt_electrical_models.h" />
		<Unit filename="header/model/wtg_models/wt_generator_model/lvpl.h" />
		<Unit filename="header/model/wtg_models/wt_generator_model/wt3g0.h" />
		<Unit filename="header/model/wtg_models/wt_generator_model/wt3g0_test.h" />
		<Unit filename="header/model/wtg_models/wt_generator_model/wt3g1.h" />
		<Unit filename="header/model/wtg_models/wt_generator_model/wt3g1_test.h" />
		<Unit filename="header/model/wtg_models/wt_generator_model/wt3g2.h" />
		<Unit filename="header/model/wtg_models/wt_generator_model/wt3g2_test.h" />
		<Unit filename="header/model/wtg_models/wt_generator_model/wt_generator_model.h" />
		<Unit filename="header/model/wtg_models/wt_generator_model/wt_generator_model_test.h" />
		<Unit filename="header/model/wtg_models/wt_generator_model/wt_generator_models.h" />
		<Unit filename="header/model/wtg_models/wt_pitch_model/wt3p0.h" />
		<Unit filename="header/model/wtg_models/wt_pitch_model/wt3p0_test.h" />
		<Unit filename="header/model/wtg_models/wt_pitch_model/wt3p1.h" />
		<Unit filename="header/model/wtg_models/wt_pitch_model/wt3p1_test.h" />
		<Unit filename="header/model/wtg_models/wt_pitch_model/wt_pitch_model.h" />
		<Unit filename="header/model/wtg_models/wt_pitch_model/wt_pitch_model_test.h" />
		<Unit filename="header/model/wtg_models/wt_pitch_model/wt_pitch_models.h" />
		<Unit filename="header/model/wtg_models/wt_relay_model/wt_relay_model.h" />
		<Unit filename="header/model/wtg_models/wt_relay_model/wt_relay_model_test.h" />
		<Unit filename="header/model/wtg_models/wt_relay_model/wt_relay_models.h" />
		<Unit filename="header/model/wtg_models/wt_relay_model/wtrly0.h" />
		<Unit filename="header/model/wtg_models/wt_relay_model/wtrly0_test.h" />
		<Unit filename="header/model/wtg_models/wt_turbine_model/wt3t0.h" />
		<Unit filename="header/model/wtg_models/wt_turbine_model/wt3t0_test.h" />
		<Unit filename="header/model/wtg_models/wt_turbine_model/wt3t1.h" />
		<Unit filename="header/model/wtg_models/wt_turbine_model/wt3t1_test.h" />
		<Unit filename="header/model/wtg_models/wt_turbine_model/wt_turbine_model.h" />
		<Unit filename="header/model/wtg_models/wt_turbine_model/wt_turbine_model_test.h" />
		<Unit filename="header/model/wtg_models/wt_turbine_model/wt_turbine_models.h" />
		<Unit filename="header/model/wtg_models/wtg_model.h" />
		<Unit filename="header/model/wtg_models/wtg_model_test.h" />
		<Unit filename="header/network/jacobian_builder.h" />
		<Unit filename="header/network/jacobian_builder_test.h" />
		<Unit filename="header/network/network_matrix.h" />
		<Unit filename="header/network/network_matrix_test.h" />
		<Unit filename="header/power_system_database.h" />
		<Unit filename="header/power_system_database_test.h" />
		<Unit filename="header/prepare_for_tests/prepare_models_for_test.h" />
		<Unit filename="header/steps_namespace.h" />
		<Unit filename="header/toolkit/cct_searcher/cct_searcher.h" />
		<Unit filename="header/toolkit/cct_searcher/cct_searcher_test.h" />
		<Unit filename="header/toolkit/contingency_screener/contingency_screener.h" />
		<Unit filename="header/toolkit/contingency_screener/contingency_screener_test.h" />
		<Unit filename="header/toolkit/dynamic_simulator/dynamic_simulator.h" />
		<Unit filename="header/toolkit/dynamic_simulator/dynamic_simulator_test.h" />
		<Unit filename="header/toolkit/powerflow_case_generator/powerflow_case_generator.h" />
		<Unit filename="header/toolkit/powerflow_case_generator/powerflow_case_generator_test.h" />
		<Unit filename="header/toolkit/powerflow_solver/powerflow_solver.h" />
		<Unit filename="header/toolkit/powerflow_solver/powerflow_solver_test.h" />
		<Unit filename="header/toolkit/short_circuit_solver/short_circuit_solver.h" />
		<Unit filename="header/toolkit/short_circuit_solver/short_circuit_solver_test.h" />
		<Unit filename="main_arxl_simulation.cpp">
			<Option link="0" />
		</Unit>
		<Unit filename="main_cct_search_screening.cpp">
			<Option link="0" />
		</Unit>
		<Unit filename="main_dynamics_simulation.cpp">
			<Option link="0" />
		</Unit>
		<Unit filename="main_gprof.cpp">
			<Option link="0" />
		</Unit>
		<Unit filename="main_powerflow.cpp" />
		<Unit filename="main_tests.cpp">
			<Option link="0" />
		</Unit>
		<Unit filename="main_ufls_simulation.cpp">
			<Option link="0" />
		</Unit>
		<Unit filename="source/STEPS.cpp" />
		<Unit filename="source/apis/steps_api_add_devices.cpp" />
		<Unit filename="source/apis/steps_api_check.cpp" />
		<Unit filename="source/apis/steps_api_common.cpp" />
		<Unit filename="source/apis/steps_api_data_import_export.cpp" />
		<Unit filename="source/apis/steps_api_dynamic_simulation.cpp" />
		<Unit filename="source/apis/steps_api_get_device_count.cpp" />
		<Unit filename="source/apis/steps_api_is_device_exist.cpp" />
		<Unit filename="source/apis/steps_api_powerflow.cpp" />
		<Unit filename="source/apis/steps_api_remove_devices.cpp" />
		<Unit filename="source/apis/steps_api_search_buffer.cpp" />
		<Unit filename="source/apis/steps_api_search_devices.cpp" />
		<Unit filename="source/apis/steps_api_set_dynamic_models.cpp" />
		<Unit filename="source/apis/steps_api_set_get_area_parameters.cpp" />
		<Unit filename="source/apis/steps_api_set_get_bus_parameters.cpp" />
		<Unit filename="source/apis/steps_api_set_get_fixed_shunt_parameters.cpp" />
		<Unit filename="source/apis/steps_api_set_get_generator_related_model_parameters.cpp" />
		<Unit filename="source/apis/steps_api_set_get_hvdc_parameters.cpp" />
		<Unit filename="source/apis/steps_api_set_get_hvdc_related_model_parameters.cpp" />
		<Unit filename="source/apis/steps_api_set_get_line_parameters.cpp" />
		<Unit filename="source/apis/steps_api_set_get_line_related_model_parameters.cpp" />
		<Unit filename="source/apis/steps_api_set_get_load_parameters.cpp" />
		<Unit filename="source/apis/steps_api_set_get_load_related_model_parameters.cpp" />
		<Unit filename="source/apis/steps_api_set_get_owner_parameters.cpp" />
		<Unit filename="source/apis/steps_api_set_get_pv_unit_related_model_parameters.cpp" />
		<Unit filename="source/apis/steps_api_set_get_source_parameters.cpp" />
		<Unit filename="source/apis/steps_api_set_get_transformer_parameters.cpp" />
		<Unit filename="source/apis/steps_api_set_get_vsc_hvdc_related_model_parameters.cpp" />
		<Unit filename="source/apis/steps_api_set_get_wt_generator_related_model_parameters.cpp" />
		<Unit filename="source/apis/steps_api_set_get_zone_parameters.cpp" />
		<Unit filename="source/apis/steps_api_show_device_data.cpp" />
		<Unit filename="source/apis/steps_api_utilities.cpp" />
		<Unit filename="source/basic/area.cpp" />
		<Unit filename="source/basic/area_test.cpp" />
		<Unit filename="source/basic/base.cpp" />
		<Unit filename="source/basic/bus_index.cpp" />
		<Unit filename="source/basic/bus_index_test.cpp" />
		<Unit filename="source/basic/complex_sparse_matrix.cpp" />
		<Unit filename="source/basic/complex_sparse_matrix_csparse.cpp" />
		<Unit filename="source/basic/complex_sparse_matrix_test.cpp" />
		<Unit filename="source/basic/constants_test.cpp" />
		<Unit filename="source/basic/continuous_buffer.cpp" />
		<Unit filename="source/basic/continuous_buffer_test.cpp" />
		<Unit filename="source/basic/dc_device_id.cpp" />
		<Unit filename="source/basic/device_id.cpp" />
		<Unit filename="source/basic/device_id_test.cpp" />
		<Unit filename="source/basic/device_index_map.cpp" />
		<Unit filename="source/basic/device_index_map_test.cpp" />
		<Unit filename="source/basic/fault.cpp" />
		<Unit filename="source/basic/fault_test.cpp" />
		<Unit filename="source/basic/inphno.cpp" />
		<Unit filename="source/basic/inphno_test.cpp" />
		<Unit filename="source/basic/owner.cpp" />
		<Unit filename="source/basic/owner_test.cpp" />
		<Unit filename="source/basic/ownership.cpp" />
		<Unit filename="source/basic/ownership_test.cpp" />
		<Unit filename="source/basic/rating.cpp" />
		<Unit filename="source/basic/rating_test.cpp" />
		<Unit filename="source/basic/sparse_matrix.cpp" />
		<Unit filename="source/basic/sparse_matrix_csparse.cpp" />
		<Unit filename="source/basic/sparse_matrix_klu.cpp">
			<Option link="0" />
		</Unit>
		<Unit filename="source/basic/sparse_matrix_test.cpp" />
		<Unit filename="source/basic/sparse_matrix_umfpack.cpp">
			<Option compile="0" />
			<Option link="0" />
		</Unit>
		<Unit filename="source/basic/string_int_map.cpp" />
		<Unit filename="source/basic/string_int_map_test.cpp" />
		<Unit filename="source/basic/terminal.cpp" />
		<Unit filename="source/basic/terminal_test.cpp" />
		<Unit filename="source/basic/time_series.cpp" />
		<Unit filename="source/basic/time_series_test.cpp" />
		<Unit filename="source/basic/timer.cpp" />
		<Unit filename="source/basic/timer_test.cpp" />
		<Unit filename="source/basic/utility.cpp" />
		<Unit filename="source/basic/utility_test.cpp" />
		<Unit filename="source/basic/zone.cpp" />
		<Unit filename="source/basic/zone_test.cpp" />
		<Unit filename="source/block/block.cpp" />
		<Unit filename="source/block/differential_block.cpp" />
		<Unit filename="source/block/differential_block_test.cpp" />
		<Unit filename="source/block/first_order_block.cpp" />
		<Unit filename="source/block/first_order_block_test.cpp" />
		<Unit filename="source/block/integral_block.cpp" />
		<Unit filename="source/block/integral_block_test.cpp" />
		<Unit filename="source/block/lead_lag_block.cpp" />
		<Unit filename="source/block/lead_lag_block_test.cpp" />
		<Unit filename="source/block/pd_block.cpp" />
		<Unit filename="source/block/pd_block_test.cpp" />
		<Unit filename="source/block/pi_block.cpp" />
		<Unit filename="source/block/pi_block_test.cpp" />
		<Unit filename="source/block/pid_block.cpp" />
		<Unit filename="source/block/pid_block_test.cpp" />
		<Unit filename="source/block/proportional_block.cpp" />
		<Unit filename="source/block/proportional_block_test.cpp" />
		<Unit filename="source/block/saturation_block.cpp" />
		<Unit filename="source/block/saturation_block_test.cpp" />
		<Unit filename="source/block/second_order_block.cpp" />
		<Unit filename="source/block/second_order_block_test.cpp" />
		<Unit filename="source/data_imexporter/bpa_dynamics_imexporter.cpp" />
		<Unit filename="source/data_imexporter/bpa_imexporter_test.cpp" />
		<Unit filename="source/data_imexporter/bpa_powerflow_imexporter.cpp" />
		<Unit filename="source/data_imexporter/data_imexporter.cpp" />
		<Unit filename="source/data_imexporter/equivalent_model_imexporter.cpp" />
		<Unit filename="source/data_imexporter/equivalent_model_imexporter_test.cpp" />
		<Unit filename="source/data_imexporter/psse_dynamics_imexporter.cpp" />
		<Unit filename="source/data_imexporter/psse_imexporter_test.cpp" />
		<Unit filename="source/data_imexporter/psse_powerflow_imexporter.cpp" />
		<Unit filename="source/data_imexporter/steps_dynamics_imexporter.cpp" />
		<Unit filename="source/data_imexporter/steps_imexporter_test.cpp" />
		<Unit filename="source/data_imexporter/steps_powerflow_imexporter.cpp" />
		<Unit filename="source/device/bus.cpp" />
		<Unit filename="source/device/bus_test.cpp" />
		<Unit filename="source/device/converter.cpp" />
		<Unit filename="source/device/converter_station.cpp" />
		<Unit filename="source/device/converter_station_test.cpp" />
		<Unit filename="source/device/converter_test.cpp" />
		<Unit filename="source/device/device.cpp" />
		<Unit filename="source/device/energy_storage.cpp" />
		<Unit filename="source/device/energy_storage_test.cpp" />
		<Unit filename="source/device/equivalent_device.cpp" />
		<Unit filename="source/device/equivalent_device_test.cpp" />
		<Unit filename="source/device/fixed_shunt.cpp" />
		<Unit filename="source/device/fixed_shunt_test.cpp" />
		<Unit filename="source/device/generator.cpp" />
		<Unit filename="source/device/generator_test.cpp" />
		<Unit filename="source/device/hvdc.cpp" />
		<Unit filename="source/device/hvdc_test.cpp" />
		<Unit filename="source/device/lcc.cpp" />
		<Unit filename="source/device/lcc_hvdc.cpp" />
		<Unit filename="source/device/lcc_station.cpp" />
		<Unit filename="source/device/lcc_station_test.cpp" />
		<Unit filename="source/device/lcc_test.cpp" />
		<Unit filename="source/device/line.cpp" />
		<Unit filename="source/device/line_test.cpp" />
		<Unit filename="source/device/load.cpp" />
		<Unit filename="source/device/load_test.cpp" />
		<Unit filename="source/device/nonbus_device.cpp" />
		<Unit filename="source/device/pv_unit.cpp" />
		<Unit filename="source/device/pv_unit_test.cpp" />
		<Unit filename="source/device/source.cpp" />
		<Unit filename="source/device/source_test.cpp" />
		<Unit filename="source/device/transformer.cpp" />
		<Unit filename="source/device/transformer_test.cpp" />
		<Unit filename="source/device/vsc_hvdc.cpp" />
		<Unit filename="source/device/vsc_hvdc_test.cpp" />
		<Unit filename="source/device/wt_generator.cpp" />
		<Unit filename="source/device/wt_generator_test.cpp" />
		<Unit filename="source/dynamic_model_database.cpp" />
		<Unit filename="source/meter/meter.cpp" />
		<Unit filename="source/meter/meter_setter.cpp" />
		<Unit filename="source/meter/meter_setter_test.cpp" />
		<Unit filename="source/meter/meter_test.cpp" />
		<Unit filename="source/model/bus_frequency_model/bus_frequency_model.cpp" />
		<Unit filename="source/model/energy_storage_model/energy_storage_model.cpp" />
		<Unit filename="source/model/energy_storage_model/energy_storage_model_test.cpp" />
		<Unit filename="source/model/energy_storage_model/estr0.cpp" />
		<Unit filename="source/model/energy_storage_model/estr0_test.cpp" />
		<Unit filename="source/model/equivalent_model/ARXL.cpp" />
		<Unit filename="source/model/equivalent_model/equivalent_model.cpp" />
		<Unit filename="source/model/hvdc_model/CDC4T.cpp" />
		<Unit filename="source/model/hvdc_model/CDC4T_test.cpp" />
		<Unit filename="source/model/hvdc_model/CDC6T.cpp" />
		<Unit filename="source/model/hvdc_model/CDC6T_test.cpp" />
		<Unit filename="source/model/hvdc_model/hvdc_model.cpp" />
		<Unit filename="source/model/hvdc_model/hvdc_model_test.cpp" />
		<Unit filename="source/model/hvdc_model/vdcol.cpp" />
		<Unit filename="source/model/hvdc_model/vdcol_test.cpp" />
		<Unit filename="source/model/load_model/CIM6.cpp" />
		<Unit filename="source/model/load_model/CIM6_test.cpp" />
		<Unit filename="source/model/load_model/IEEL.cpp" />
		<Unit filename="source/model/load_model/IEEL_test.cpp" />
		<Unit filename="source/model/load_model/load_model.cpp" />
		<Unit filename="source/model/load_model/load_model_test.cpp" />
		<Unit filename="source/model/load_relay_model/PUFLS.cpp" />
		<Unit filename="source/model/load_relay_model/PUFLS_test.cpp" />
		<Unit filename="source/model/load_relay_model/UFLS.cpp" />
		<Unit filename="source/model/load_relay_model/UFLS_test.cpp" />
		<Unit filename="source/model/load_relay_model/UVLS.cpp" />
		<Unit filename="source/model/load_relay_model/UVLS_test.cpp" />
		<Unit filename="source/model/load_relay_model/load_frequency_relay_model.cpp" />
		<Unit filename="source/model/load_relay_model/load_frequency_relay_model_test.cpp" />
		<Unit filename="source/model/load_relay_model/load_relay_model.cpp" />
		<Unit filename="source/model/load_relay_model/load_relay_model_test.cpp" />
		<Unit filename="source/model/load_relay_model/load_voltage_relay_model.cpp" />
		<Unit filename="source/model/load_relay_model/load_voltage_relay_model_test.cpp" />
		<Unit filename="source/model/model.cpp" />
		<Unit filename="source/model/model_test.cpp" />
		<Unit filename="source/model/model_var_table.cpp" />
		<Unit filename="source/model/model_var_table_test.cpp" />
		<Unit filename="source/model/pvu_models/pv_converter_model/pv_converter_model.cpp" />
		<Unit filename="source/model/pvu_models/pv_converter_model/pv_converter_model_test.cpp" />
		<Unit filename="source/model/pvu_models/pv_converter_model/pvcv0.cpp" />
		<Unit filename="source/model/pvu_models/pv_converter_model/pvcv0_test.cpp" />
		<Unit filename="source/model/pvu_models/pv_converter_model/pvgu1.cpp" />
		<Unit filename="source/model/pvu_models/pv_converter_model/pvgu1_test.cpp" />
		<Unit filename="source/model/pvu_models/pv_electrical_model/pv_electrical_model.cpp" />
		<Unit filename="source/model/pvu_models/pv_electrical_model/pv_electrical_model_test.cpp" />
		<Unit filename="source/model/pvu_models/pv_irradiance_model/fileirrd.cpp" />
		<Unit filename="source/model/pvu_models/pv_irradiance_model/fileirrd_test.cpp" />
		<Unit filename="source/model/pvu_models/pv_irradiance_model/pv_irradiance_model.cpp" />
		<Unit filename="source/model/pvu_models/pv_irradiance_model/pv_irradiance_model_test.cpp" />
		<Unit filename="source/model/pvu_models/pv_panel_model/pv_panel_model.cpp" />
		<Unit filename="source/model/pvu_models/pv_panel_model/pv_panel_model_test.cpp" />
		<Unit filename="source/model/pvu_models/pv_panel_model/pvp0.cpp" />
		<Unit filename="source/model/pvu_models/pv_panel_model/pvp0_test.cpp" />
		<Unit filename="source/model/pvu_models/pvu_model.cpp" />
		<Unit filename="source/model/pvu_models/pvu_model_test.cpp" />
		<Unit filename="source/model/sg_models/compensator_model/COMP.cpp" />
		<Unit filename="source/model/sg_models/compensator_model/COMP_test.cpp" />
		<Unit filename="source/model/sg_models/compensator_model/IEEEVC.cpp" />
		<Unit filename="source/model/sg_models/compensator_model/IEEEVC_test.cpp" />
		<Unit filename="source/model/sg_models/compensator_model/PSASPVC.cpp" />
		<Unit filename="source/model/sg_models/compensator_model/PSASPVC_test.cpp" />
		<Unit filename="source/model/sg_models/compensator_model/compensator_model.cpp" />
		<Unit filename="source/model/sg_models/compensator_model/compensator_model_test.cpp" />
		<Unit filename="source/model/sg_models/exciter_model/CSEET1.cpp" />
		<Unit filename="source/model/sg_models/exciter_model/CSEET1_test.cpp" />
		<Unit filename="source/model/sg_models/exciter_model/CSEET2.cpp" />
		<Unit filename="source/model/sg_models/exciter_model/CSEET2_test.cpp" />
		<Unit filename="source/model/sg_models/exciter_model/IEEET1.cpp" />
		<Unit filename="source/model/sg_models/exciter_model/IEEET1_test.cpp" />
		<Unit filename="source/model/sg_models/exciter_model/PSASPE1.cpp" />
		<Unit filename="source/model/sg_models/exciter_model/PSASPE13.cpp" />
		<Unit filename="source/model/sg_models/exciter_model/PSASPE13_test.cpp" />
		<Unit filename="source/model/sg_models/exciter_model/PSASPE14.cpp" />
		<Unit filename="source/model/sg_models/exciter_model/PSASPE14_test.cpp" />
		<Unit filename="source/model/sg_models/exciter_model/PSASPE1_test.cpp" />
		<Unit filename="source/model/sg_models/exciter_model/PSASPE2.cpp" />
		<Unit filename="source/model/sg_models/exciter_model/PSASPE2_test.cpp" />
		<Unit filename="source/model/sg_models/exciter_model/SEXS.cpp" />
		<Unit filename="source/model/sg_models/exciter_model/SEXS_test.cpp" />
		<Unit filename="source/model/sg_models/exciter_model/exciter_model.cpp" />
		<Unit filename="source/model/sg_models/exciter_model/exciter_model_test.cpp" />
		<Unit filename="source/model/sg_models/sg_model.cpp" />
		<Unit filename="source/model/sg_models/sg_model_test.cpp" />
		<Unit filename="source/model/sg_models/stabilizer_model/IEE2ST.cpp" />
		<Unit filename="source/model/sg_models/stabilizer_model/IEE2ST_test.cpp" />
		<Unit filename="source/model/sg_models/stabilizer_model/PSASPS1.cpp" />
		<Unit filename="source/model/sg_models/stabilizer_model/PSASPS1_test.cpp" />
		<Unit filename="source/model/sg_models/stabilizer_model/PSASPS2.cpp" />
		<Unit filename="source/model/sg_models/stabilizer_model/PSASPS2_test.cpp" />
		<Unit filename="source/model/sg_models/stabilizer_model/PSASPS3.cpp" />
		<Unit filename="source/model/sg_models/stabilizer_model/PSASPS3_test.cpp" />
		<Unit filename="source/model/sg_models/stabilizer_model/PSASPS4.cpp" />
		<Unit filename="source/model/sg_models/stabilizer_model/PSASPS4_test.cpp" />
		<Unit filename="source/model/sg_models/stabilizer_model/PSASPS5.cpp" />
		<Unit filename="source/model/sg_models/stabilizer_model/PSASPS5_test.cpp">
			<Option compile="0" />
			<Option link="0" />
		</Unit>
		<Unit filename="source/model/sg_models/stabilizer_model/PSASPS6.cpp" />
		<Unit filename="source/model/sg_models/stabilizer_model/PSASPS6_test.cpp" />
		<Unit filename="source/model/sg_models/stabilizer_model/PSASPS8.cpp" />
		<Unit filename="source/model/sg_models/stabilizer_model/PSASPS8_test.cpp" />
		<Unit filename="source/model/sg_models/stabilizer_model/stabilizer_model.cpp" />
		<Unit filename="source/model/sg_models/stabilizer_model/stabilizer_model_test.cpp" />
		<Unit filename="source/model/sg_models/sync_generator_model/gencls.cpp" />
		<Unit filename="source/model/sg_models/sync_generator_model/gencls_test.cpp" />
		<Unit filename="source/model/sg_models/sync_generator_model/genrou.cpp" />
		<Unit filename="source/model/sg_models/sync_generator_model/genrou_test.cpp" />
		<Unit filename="source/model/sg_models/sync_generator_model/gensal.cpp" />
		<Unit filename="source/model/sg_models/sync_generator_model/gensal_test.cpp" />
		<Unit filename="source/model/sg_models/sync_generator_model/sync_generator_model.cpp" />
		<Unit filename="source/model/sg_models/sync_generator_model/sync_generator_model_test.cpp" />
		<Unit filename="source/model/sg_models/turbine_governors/GAST2A.cpp" />
		<Unit filename="source/model/sg_models/turbine_governors/GAST2A_test.cpp">
			<Option compile="0" />
			<Option link="0" />
		</Unit>
		<Unit filename="source/model/sg_models/turbine_governors/IEEEG1.cpp" />
		<Unit filename="source/model/sg_models/turbine_governors/IEEEG1SB.cpp" />
		<Unit filename="source/model/sg_models/turbine_governors/IEEEG1SB_test.cpp" />
		<Unit filename="source/model/sg_models/turbine_governors/IEEEG1_test.cpp" />
		<Unit filename="source/model/sg_models/turbine_governors/IEEEG2.cpp" />
		<Unit filename="source/model/sg_models/turbine_governors/IEEEG2_test.cpp" />
		<Unit filename="source/model/sg_models/turbine_governors/IEEEG3.cpp" />
		<Unit filename="source/model/sg_models/turbine_governors/IEEEG3_test.cpp" />
		<Unit filename="source/model/sg_models/turbine_governors/IEESGO.cpp" />
		<Unit filename="source/model/sg_models/turbine_governors/IEESGO_test.cpp" />
		<Unit filename="source/model/sg_models/turbine_governors/TGOV1.cpp" />
		<Unit filename="source/model/sg_models/turbine_governors/TGOV1_test.cpp" />
		<Unit filename="source/model/sg_models/turbine_governors/URCSCT.cpp" />
		<Unit filename="source/model/sg_models/turbine_governors/URCSCT_test.cpp">
			<Option compile="0" />
			<Option link="0" />
		</Unit>
		<Unit filename="source/model/sg_models/turbine_governors/turbine_governor_model.cpp" />
		<Unit filename="source/model/sg_models/turbine_governors/turbine_governor_model_test.cpp" />
		<Unit filename="source/model/sg_models/turbine_load_controller_model/lcfb1.cpp" />
		<Unit filename="source/model/sg_models/turbine_load_controller_model/lcfb1_test.cpp" />
		<Unit filename="source/model/sg_models/turbine_load_controller_model/turbine_load_controller_model.cpp" />
		<Unit filename="source/model/sg_models/turbine_load_controller_model/turbine_load_controller_model_test.cpp" />
		<Unit filename="source/model/vsc_hvdc_model/vsc_hvdc_converter_model/VSCHVDCC0.cpp" />
		<Unit filename="source/model/vsc_hvdc_model/vsc_hvdc_converter_model/vsc_hvdc_converter_model.cpp" />
		<Unit filename="source/model/vsc_hvdc_model/vsc_hvdc_model.cpp" />
		<Unit filename="source/model/vsc_hvdc_model/vsc_hvdc_model_test.cpp" />
		<Unit filename="source/model/vsc_hvdc_model/vsc_hvdc_network_model/VSCHVDCP0.cpp" />
		<Unit filename="source/model/vsc_hvdc_model/vsc_hvdc_network_model/vsc_hvdc_network_model.cpp" />
		<Unit filename="source/model/wtg_models/wind_speed_model/filewind.cpp" />
		<Unit filename="source/model/wtg_models/wind_speed_model/filewind_test.cpp" />
		<Unit filename="source/model/wtg_models/wind_speed_model/wind_speed_model.cpp" />
		<Unit filename="source/model/wtg_models/wind_speed_model/wind_speed_model_test.cpp" />
		<Unit filename="source/model/wtg_models/wt_aerodynamic_model/aerd0.cpp" />
		<Unit filename="source/model/wtg_models/wt_aerodynamic_model/aerd0_test.cpp" />
		<Unit filename="source/model/wtg_models/wt_aerodynamic_model/aerdf.cpp" />
		<Unit filename="source/model/wtg_models/wt_aerodynamic_model/wt_aerodynamic_model.cpp" />
		<Unit filename="source/model/wtg_models/wt_aerodynamic_model/wt_aerodynamic_model_test.cpp" />
		<Unit filename="source/model/wtg_models/wt_electrical_model/wind_turbine_power_speed_lookup_table.cpp" />
		<Unit filename="source/model/wtg_models/wt_electrical_model/wt3e0.cpp" />
		<Unit filename="source/model/wtg_models/wt_electrical_model/wt3e0_test.cpp" />
		<Unit filename="source/model/wtg_models/wt_electrical_model/wt3e1.cpp" />
		<Unit filename="source/model/wtg_models/wt_electrical_model/wt3e1_test.cpp" />
		<Unit filename="source/model/wtg_models/wt_electrical_model/wt_electrical_model.cpp" />
		<Unit filename="source/model/wtg_models/wt_electrical_model/wt_electrical_model_test.cpp" />
		<Unit filename="source/model/wtg_models/wt_generator_model/lvpl.cpp" />
		<Unit filename="source/model/wtg_models/wt_generator_model/wt3g0.cpp" />
		<Unit filename="source/model/wtg_models/wt_generator_model/wt3g0_test.cpp" />
		<Unit filename="source/model/wtg_models/wt_generator_model/wt3g1.cpp" />
		<Unit filename="source/model/wtg_models/wt_generator_model/wt3g1_test.cpp" />
		<Unit filename="source/model/wtg_models/wt_generator_model/wt3g2.cpp" />
		<Unit filename="source/model/wtg_models/wt_generator_model/wt3g2_test.cpp" />
		<Unit filename="source/model/wtg_models/wt_generator_model/wt_generator_model.cpp" />
		<Unit filename="source/model/wtg_models/wt_generator_model/wt_generator_model_test.cpp" />
		<Unit filename="source/model/wtg_models/wt_pitch_model/wt3p0.cpp" />
		<Unit filename="source/model/wtg_models/wt_pitch_model/wt3p0_test.cpp" />
		<Unit filename="source/model/wtg_models/wt_pitch_model/wt_pitch_model.cpp" />
		<Unit filename="source/model/wtg_models/wt_pitch_model/wt_pitch_model_test.cpp" />
		<Unit filename="source/model/wtg_models/wt_relay_model/wt_relay_model.cpp" />
		<Unit filename="source/model/wtg_models/wt_relay_model/wt_relay_model_test.cpp">
			<Option compile="0" />
			<Option link="0" />
		</Unit>
		<Unit filename="source/model/wtg_models/wt_relay_model/wtrly0.cpp" />
		<Unit filename="source/model/wtg_models/wt_relay_model/wtrly0_test.cpp">
			<Option compile="0" />
			<Option link="0" />
		</Unit>
		<Unit filename="source/model/wtg_models/wt_turbine_model/wt3t0.cpp" />
		<Unit filename="source/model/wtg_models/wt_turbine_model/wt3t0_test.cpp" />
		<Unit filename="source/model/wtg_models/wt_turbine_model/wt_turbine_model.cpp" />
		<Unit filename="source/model/wtg_models/wt_turbine_model/wt_turbine_model_test.cpp" />
		<Unit filename="source/model/wtg_models/wtg_model.cpp" />
		<Unit filename="source/model/wtg_models/wtg_model_test.cpp" />
		<Unit filename="source/network/jacobian_builder.cpp" />
		<Unit filename="source/network/jacobian_builder_test.cpp" />
		<Unit filename="source/network/network_matrix.cpp" />
		<Unit filename="source/network/network_matrix_test.cpp" />
		<Unit filename="source/power_system_database.cpp" />
		<Unit filename="source/power_system_database_test.cpp" />
		<Unit filename="source/prepare_for_tests/prepare_Arthur_R_Bergen_3_bus_model_for_test.cpp" />
		<Unit filename="source/prepare_for_tests/prepare_IEEE_9_bus_model_for_test.cpp" />
		<Unit filename="source/prepare_for_tests/prepare_ISO_New_England_39_bus_model_for_test.cpp" />
		<Unit filename="source/prepare_for_tests/prepare_PSSE_sample_model_for_test.cpp" />
		<Unit filename="source/prepare_for_tests/prepare_basic_devices.cpp" />
		<Unit filename="source/steps_namespace.cpp" />
		<Unit filename="source/toolkit/cct_searcher/cct_searcher.cpp" />
		<Unit filename="source/toolkit/cct_searcher/cct_searcher_test.cpp" />
		<Unit filename="source/toolkit/contingency_screener/contingency_screener.cpp" />
		<Unit filename="source/toolkit/contingency_screener/contingency_screener_test.cpp" />
		<Unit filename="source/toolkit/dynamic_simulator/dynamic_simulator.cpp" />
		<Unit filename="source/toolkit/dynamic_simulator/dynamic_simulator_prepare_meter.cpp" />
		<Unit filename="source/toolkit/dynamic_simulator/dynamic_simulator_test.cpp" />
		<Unit filename="source/toolkit/powerflow_case_generator/powerflow_case_generator.cpp" />
		<Unit filename="source/toolkit/powerflow_case_generator/powerflow_case_generator_test.cpp" />
		<Unit filename="source/toolkit/powerflow_solver/powerflow_solver.cpp" />
		<Unit filename="source/toolkit/powerflow_solver/powerflow_solver_test.cpp" />
		<Extensions>
			<code_completion />
			<envvars />
			<debugger />
			<lib_finder disable_auto="1" />
			<AutoVersioning>
				<Scheme minor_max="10" build_max="0" rev_max="0" rev_rand_max="10" build_times_to_increment_minor="100" />
				<Settings autoincrement="1" date_declarations="1" use_define="0" update_manifest="0" do_auto_increment="0" ask_to_increment="0" language="C++" svn="0" svn_directory="./" header_path="version.h" />
				<Changes_Log show_changes_editor="0" app_title="released version %M.%m.%b of %p" changeslog_path="ChangesLog.txt" />
				<Code header_guard="VERSION_H" namespace="AutoVersion" prefix="" />
			</AutoVersioning>
		</Extensions>
	</Project>
</CodeBlocks_project_file>
